// !$*UTF8*$!
{
	archiveVersion = 1;
	classes = {
	};
	objectVersion = 77;
	objects = {

/* Begin PBXBuildFile section */
		0E93EE68E1E4905CC3900D1F /* AppGroupConfig.swift in Sources */ = {isa = PBXBuildFile; fileRef = 1C82B6114B5CE5FA7C5FCC52 /* AppGroupConfig.swift */; };
		125A0D90AB57B28FE647ACAB /* AppGroupStorage.swift in Sources */ = {isa = PBXBuildFile; fileRef = EF2C795B61DC8868BAFD9297 /* AppGroupStorage.swift */; };
		1EDF5969600008746A5F0B50 /* prompts.js in Resources */ = {isa = PBXBuildFile; fileRef = 66B8D06C2FE985EF00BC0D7F /* prompts.js */; };
		3A17ECA87CF0BC7FC6F1C80E /* providers.js in Resources */ = {isa = PBXBuildFile; fileRef = 66B8D0762FE985EF00BC0D7F /* providers.js */; };
		4EEBFA67CC1061C2552E484E /* background.html in Resources */ = {isa = PBXBuildFile; fileRef = F7AA81643104FBF47EF49C27 /* background.html */; };
		5EEE962544C952A6A70D7462 /* options.html in Resources */ = {isa = PBXBuildFile; fileRef = 66B8D0742FE985EF00BC0D7F /* options.html */; };
		66B8D0222FE985EE00BC0D7F /* AppDelegate.swift in Sources */ = {isa = PBXBuildFile; fileRef = 66B8D0212FE985EE00BC0D7F /* AppDelegate.swift */; };
		66B8D0242FE985EE00BC0D7F /* SceneDelegate.swift in Sources */ = {isa = PBXBuildFile; fileRef = 66B8D0232FE985EE00BC0D7F /* SceneDelegate.swift */; };
		66B8D0272FE985EE00BC0D7F /* LaunchScreen.storyboard in Resources */ = {isa = PBXBuildFile; fileRef = 66B8D0252FE985EE00BC0D7F /* LaunchScreen.storyboard */; };
		66B8D02A2FE985EF00BC0D7F /* Main.storyboard in Resources */ = {isa = PBXBuildFile; fileRef = 66B8D0282FE985EF00BC0D7F /* Main.storyboard */; };
		66B8D0332FE985EF00BC0D7F /* AppDelegate.swift in Sources */ = {isa = PBXBuildFile; fileRef = 66B8D0322FE985EF00BC0D7F /* AppDelegate.swift */; };
		66B8D0362FE985EF00BC0D7F /* Main.storyboard in Resources */ = {isa = PBXBuildFile; fileRef = 66B8D0342FE985EF00BC0D7F /* Main.storyboard */; };
		66B8D03D2FE985EF00BC0D7F /* Intention Safari Extension.appex in Embed Foundation Extensions */ = {isa = PBXBuildFile; fileRef = 66B8D03C2FE985EF00BC0D7F /* Intention Safari Extension.appex */; settings = {ATTRIBUTES = (RemoveHeadersOnCopy, ); }; };
		66B8D0472FE985EF00BC0D7F /* Intention Safari Extension.appex in Embed Foundation Extensions */ = {isa = PBXBuildFile; fileRef = 66B8D0462FE985EF00BC0D7F /* Intention Safari Extension.appex */; settings = {ATTRIBUTES = (RemoveHeadersOnCopy, ); }; };
		66B8D04C2FE985EF00BC0D7F /* Main.html in Resources */ = {isa = PBXBuildFile; fileRef = 66B8D0112FE985EE00BC0D7F /* Main.html */; };
		66B8D04D2FE985EF00BC0D7F /* Main.html in Resources */ = {isa = PBXBuildFile; fileRef = 66B8D0112FE985EE00BC0D7F /* Main.html */; };
		66B8D04E2FE985EF00BC0D7F /* Icon.png in Resources */ = {isa = PBXBuildFile; fileRef = 66B8D0132FE985EE00BC0D7F /* Icon.png */; };
		66B8D04F2FE985EF00BC0D7F /* Icon.png in Resources */ = {isa = PBXBuildFile; fileRef = 66B8D0132FE985EE00BC0D7F /* Icon.png */; };
		66B8D0502FE985EF00BC0D7F /* Style.css in Resources */ = {isa = PBXBuildFile; fileRef = 66B8D0142FE985EE00BC0D7F /* Style.css */; };
		66B8D0512FE985EF00BC0D7F /* Style.css in Resources */ = {isa = PBXBuildFile; fileRef = 66B8D0142FE985EE00BC0D7F /* Style.css */; };
		66B8D0522FE985EF00BC0D7F /* Script.js in Resources */ = {isa = PBXBuildFile; fileRef = 66B8D0152FE985EE00BC0D7F /* Script.js */; };
		66B8D0532FE985EF00BC0D7F /* Script.js in Resources */ = {isa = PBXBuildFile; fileRef = 66B8D0152FE985EE00BC0D7F /* Script.js */; };
		66B8D0542FE985EF00BC0D7F /* ViewController.swift in Sources */ = {isa = PBXBuildFile; fileRef = 66B8D0162FE985EE00BC0D7F /* ViewController.swift */; };
		66B8D0552FE985EF00BC0D7F /* ViewController.swift in Sources */ = {isa = PBXBuildFile; fileRef = 66B8D0162FE985EE00BC0D7F /* ViewController.swift */; };
		66B8D0562FE985EF00BC0D7F /* Assets.xcassets in Resources */ = {isa = PBXBuildFile; fileRef = 66B8D0172FE985EE00BC0D7F /* Assets.xcassets */; };
		66B8D0572FE985EF00BC0D7F /* Assets.xcassets in Resources */ = {isa = PBXBuildFile; fileRef = 66B8D0172FE985EE00BC0D7F /* Assets.xcassets */; };
		66B8D0582FE985EF00BC0D7F /* SafariWebExtensionHandler.swift in Sources */ = {isa = PBXBuildFile; fileRef = 66B8D0192FE985EE00BC0D7F /* SafariWebExtensionHandler.swift */; };
		66B8D0592FE985EF00BC0D7F /* SafariWebExtensionHandler.swift in Sources */ = {isa = PBXBuildFile; fileRef = 66B8D0192FE985EE00BC0D7F /* SafariWebExtensionHandler.swift */; };
		66B8D0792FE985EF00BC0D7F /* icon16.png in Resources */ = {isa = PBXBuildFile; fileRef = 66B8D06B2FE985EF00BC0D7F /* icon16.png */; };
		66B8D07A2FE985EF00BC0D7F /* prompts.js in Resources */ = {isa = PBXBuildFile; fileRef = 66B8D06C2FE985EF00BC0D7F /* prompts.js */; };
		66B8D07B2FE985EF00BC0D7F /* content.css in Resources */ = {isa = PBXBuildFile; fileRef = 66B8D06D2FE985EF00BC0D7F /* content.css */; };
		66B8D07C2FE985EF00BC0D7F /* background.js in Resources */ = {isa = PBXBuildFile; fileRef = 66B8D06E2FE985EF00BC0D7F /* background.js */; };
		66B8D07D2FE985EF00BC0D7F /* icon48.png in Resources */ = {isa = PBXBuildFile; fileRef = 66B8D06F2FE985EF00BC0D7F /* icon48.png */; };
		66B8D07E2FE985EF00BC0D7F /* options.js in Resources */ = {isa = PBXBuildFile; fileRef = 66B8D0702FE985EF00BC0D7F /* options.js */; };
		66B8D07F2FE985EF00BC0D7F /* icon128.png in Resources */ = {isa = PBXBuildFile; fileRef = 66B8D0712FE985EF00BC0D7F /* icon128.png */; };
		66B8D0802FE985EF00BC0D7F /* tracking.js in Resources */ = {isa = PBXBuildFile; fileRef = 66B8D0722FE985EF00BC0D7F /* tracking.js */; };
		66B8D0812FE985EF00BC0D7F /* manifest.json in Resources */ = {isa = PBXBuildFile; fileRef = 66B8D0732FE985EF00BC0D7F /* manifest.json */; };
		66B8D0822FE985EF00BC0D7F /* options.html in Resources */ = {isa = PBXBuildFile; fileRef = 66B8D0742FE985EF00BC0D7F /* options.html */; };
		66B8D0832FE985EF00BC0D7F /* content.js in Resources */ = {isa = PBXBuildFile; fileRef = 66B8D0752FE985EF00BC0D7F /* content.js */; };
		66B8D0842FE985EF00BC0D7F /* providers.js in Resources */ = {isa = PBXBuildFile; fileRef = 66B8D0762FE985EF00BC0D7F /* providers.js */; };
		66B8D0852FE985EF00BC0D7F /* options.css in Resources */ = {isa = PBXBuildFile; fileRef = 66B8D0772FE985EF00BC0D7F /* options.css */; };
		66B8D0862FE985EF00BC0D7F /* icon32.png in Resources */ = {isa = PBXBuildFile; fileRef = 66B8D0782FE985EF00BC0D7F /* icon32.png */; };
		66B8D0872FE985EF00BC0D7F /* icon16.png in Resources */ = {isa = PBXBuildFile; fileRef = 66B8D06B2FE985EF00BC0D7F /* icon16.png */; };
		66B8D0882FE985EF00BC0D7F /* prompts.js in Resources */ = {isa = PBXBuildFile; fileRef = 66B8D06C2FE985EF00BC0D7F /* prompts.js */; };
		66B8D0892FE985EF00BC0D7F /* content.css in Resources */ = {isa = PBXBuildFile; fileRef = 66B8D06D2FE985EF00BC0D7F /* content.css */; };
		66B8D08A2FE985EF00BC0D7F /* background.js in Resources */ = {isa = PBXBuildFile; fileRef = 66B8D06E2FE985EF00BC0D7F /* background.js */; };
		66B8D08B2FE985EF00BC0D7F /* icon48.png in Resources */ = {isa = PBXBuildFile; fileRef = 66B8D06F2FE985EF00BC0D7F /* icon48.png */; };
		66B8D08C2FE985EF00BC0D7F /* options.js in Resources */ = {isa = PBXBuildFile; fileRef = 66B8D0702FE985EF00BC0D7F /* options.js */; };
		66B8D08D2FE985EF00BC0D7F /* icon128.png in Resources */ = {isa = PBXBuildFile; fileRef = 66B8D0712FE985EF00BC0D7F /* icon128.png */; };
		66B8D08E2FE985EF00BC0D7F /* tracking.js in Resources */ = {isa = PBXBuildFile; fileRef = 66B8D0722FE985EF00BC0D7F /* tracking.js */; };
		66B8D08F2FE985EF00BC0D7F /* manifest.json in Resources */ = {isa = PBXBuildFile; fileRef = 66B8D0732FE985EF00BC0D7F /* manifest.json */; };
		66B8D0902FE985EF00BC0D7F /* options.html in Resources */ = {isa = PBXBuildFile; fileRef = 66B8D0742FE985EF00BC0D7F /* options.html */; };
		66B8D0912FE985EF00BC0D7F /* content.js in Resources */ = {isa = PBXBuildFile; fileRef = 66B8D0752FE985EF00BC0D7F /* content.js */; };
		66B8D0922FE985EF00BC0D7F /* providers.js in Resources */ = {isa = PBXBuildFile; fileRef = 66B8D0762FE985EF00BC0D7F /* providers.js */; };
		66B8D0932FE985EF00BC0D7F /* options.css in Resources */ = {isa = PBXBuildFile; fileRef = 66B8D0772FE985EF00BC0D7F /* options.css */; };
		66B8D0942FE985EF00BC0D7F /* icon32.png in Resources */ = {isa = PBXBuildFile; fileRef = 66B8D0782FE985EF00BC0D7F /* icon32.png */; };
		66B8D0FF2FE985EF00BC0D7F /* env.txt in Resources */ = {isa = PBXBuildFile; fileRef = 66B8D0FE2FE985EF00BC0D7F /* env.txt */; };
		66B8D1002FE985EF00BC0D7F /* env.txt in Resources */ = {isa = PBXBuildFile; fileRef = 66B8D0FE2FE985EF00BC0D7F /* env.txt */; };
		66B8D1022FE985EF00BC0D7F /* coaching.html in Resources */ = {isa = PBXBuildFile; fileRef = 66B8D1012FE985EF00BC0D7F /* coaching.html */; };
		66B8D1032FE985EF00BC0D7F /* coaching.html in Resources */ = {isa = PBXBuildFile; fileRef = 66B8D1012FE985EF00BC0D7F /* coaching.html */; };
		66B8D1052FE985EF00BC0D7F /* coaching.js in Resources */ = {isa = PBXBuildFile; fileRef = 66B8D1042FE985EF00BC0D7F /* coaching.js */; };
		66B8D1062FE985EF00BC0D7F /* coaching.js in Resources */ = {isa = PBXBuildFile; fileRef = 66B8D1042FE985EF00BC0D7F /* coaching.js */; };
		76E2C3F3EF9D235A2AC0F8E1 /* ios-bridge.js in Resources */ = {isa = PBXBuildFile; fileRef = 8B14A43335CF347D3C27E481 /* ios-bridge.js */; };
		79E816C9538AF8290B28BE79 /* background.js in Resources */ = {isa = PBXBuildFile; fileRef = 66B8D06E2FE985EF00BC0D7F /* background.js */; };
		863EED8703AFBACC93C7B3D2 /* tracking.js in Resources */ = {isa = PBXBuildFile; fileRef = 66B8D0722FE985EF00BC0D7F /* tracking.js */; };
		97FE0F7C3C8C278A618268B0 /* BackgroundJSHost.swift in Sources */ = {isa = PBXBuildFile; fileRef = B6E8DE891D3027AFE96FF98E /* BackgroundJSHost.swift */; };
		AA10C0DE000000000000FE01 /* fonts in Resources */ = {isa = PBXBuildFile; fileRef = 66B8D1072FE985EF00BC0D7F /* fonts */; };
		AA10C0DE000000000000FE02 /* fonts in Resources */ = {isa = PBXBuildFile; fileRef = 66B8D1072FE985EF00BC0D7F /* fonts */; };
		AA10C0DE000000000000FE03 /* fonts in Resources */ = {isa = PBXBuildFile; fileRef = 66B8D1072FE985EF00BC0D7F /* fonts */; };
		AB10C0DE000000000000BF01 /* AppBlockingManager.swift in Sources */ = {isa = PBXBuildFile; fileRef = AB10C0DE000000000000FE01 /* AppBlockingManager.swift */; };
		AC10C0DE00000000000000B1 /* DeviceActivityMonitorExtension.swift in Sources */ = {isa = PBXBuildFile; fileRef = AC10C0DE00000000000000A1 /* DeviceActivityMonitorExtension.swift */; };
		AC10C0DE00000000000000B2 /* AppGroupConfig.swift in Sources */ = {isa = PBXBuildFile; fileRef = 1C82B6114B5CE5FA7C5FCC52 /* AppGroupConfig.swift */; };
		AC10C0DE00000000000000B3 /* Intention Monitor Extension.appex in Embed Foundation Extensions */ = {isa = PBXBuildFile; fileRef = AC10C0DE00000000000000AF /* Intention Monitor Extension.appex */; settings = {ATTRIBUTES = (RemoveHeadersOnCopy, ); }; };
		AD10C0DE00000000000000B1 /* ShieldConfigurationExtension.swift in Sources */ = {isa = PBXBuildFile; fileRef = AD10C0DE00000000000000A1 /* ShieldConfigurationExtension.swift */; };
		AD10C0DE00000000000000B3 /* Intention Shield Extension.appex in Embed Foundation Extensions */ = {isa = PBXBuildFile; fileRef = AD10C0DE00000000000000AF /* Intention Shield Extension.appex */; settings = {ATTRIBUTES = (RemoveHeadersOnCopy, ); }; };
		AE10C0DE00000000000000B1 /* ShieldActionExtension.swift in Sources */ = {isa = PBXBuildFile; fileRef = AE10C0DE00000000000000A1 /* ShieldActionExtension.swift */; };
		AE10C0DE00000000000000B3 /* Intention Shield Action Extension.appex in Embed Foundation Extensions */ = {isa = PBXBuildFile; fileRef = AE10C0DE00000000000000AF /* Intention Shield Action Extension.appex */; settings = {ATTRIBUTES = (RemoveHeadersOnCopy, ); }; };
		AF10C0DE00000000000000B1 /* ReportExtension.swift in Sources */ = {isa = PBXBuildFile; fileRef = AF10C0DE00000000000000A1 /* ReportExtension.swift */; };
		AF10C0DE00000000000000B2 /* AppGroupConfig.swift in Sources */ = {isa = PBXBuildFile; fileRef = 1C82B6114B5CE5FA7C5FCC52 /* AppGroupConfig.swift */; };
		AF10C0DE00000000000000B3 /* Intention Report Extension.appex in Embed ExtensionKit Extensions */ = {isa = PBXBuildFile; fileRef = AF10C0DE00000000000000AF /* Intention Report Extension.appex */; settings = {ATTRIBUTES = (RemoveHeadersOnCopy, ); }; };
		B3D5D21070C5C5FB7732D8D1 /* options.css in Resources */ = {isa = PBXBuildFile; fileRef = 66B8D0772FE985EF00BC0D7F /* options.css */; };
		C08A05D7C8416962ACF3E6A7 /* AppGroupStorage.swift in Sources */ = {isa = PBXBuildFile; fileRef = EF2C795B61DC8868BAFD9297 /* AppGroupStorage.swift */; };
		C11391A3091DB42063A78CA3 /* options.js in Resources */ = {isa = PBXBuildFile; fileRef = 66B8D0702FE985EF00BC0D7F /* options.js */; };
		CE510BB9AADCBEF64B46E9CC /* JSBridgeCodec.swift in Sources */ = {isa = PBXBuildFile; fileRef = E04C52DDA013E524B4F7BAD8 /* JSBridgeCodec.swift */; };
		D143666024E51AD56C339518 /* AppGroupConfig.swift in Sources */ = {isa = PBXBuildFile; fileRef = 1C82B6114B5CE5FA7C5FCC52 /* AppGroupConfig.swift */; };
/* End PBXBuildFile section */

/* Begin PBXContainerItemProxy section */
		66B8D03E2FE985EF00BC0D7F /* PBXContainerItemProxy */ = {
			isa = PBXContainerItemProxy;
			containerPortal = 66B8D00B2FE985ED00BC0D7F /* Project object */;
			proxyType = 1;
			remoteGlobalIDString = 66B8D03B2FE985EF00BC0D7F;
			remoteInfo = "Intention Safari Extension (iOS)";
		};
		66B8D0482FE985EF00BC0D7F /* PBXContainerItemProxy */ = {
			isa = PBXContainerItemProxy;
			containerPortal = 66B8D00B2FE985ED00BC0D7F /* Project object */;
			proxyType = 1;
			remoteGlobalIDString = 66B8D0452FE985EF00BC0D7F;
			remoteInfo = "Intention Safari Extension (macOS)";
		};
		AC10C0DE00000000000000E1 /* PBXContainerItemProxy */ = {
			isa = PBXContainerItemProxy;
			containerPortal = 66B8D00B2FE985ED00BC0D7F /* Project object */;
			proxyType = 1;
			remoteGlobalIDString = AC10C0DE00000000000000D0;
			remoteInfo = "Intention Monitor Extension";
		};
		AD10C0DE00000000000000E1 /* PBXContainerItemProxy */ = {
			isa = PBXContainerItemProxy;
			containerPortal = 66B8D00B2FE985ED00BC0D7F /* Project object */;
			proxyType = 1;
			remoteGlobalIDString = AD10C0DE00000000000000D0;
			remoteInfo = "Intention Shield Extension";
		};
		AE10C0DE00000000000000E1 /* PBXContainerItemProxy */ = {
			isa = PBXContainerItemProxy;
			containerPortal = 66B8D00B2FE985ED00BC0D7F /* Project object */;
			proxyType = 1;
			remoteGlobalIDString = AE10C0DE00000000000000D0;
			remoteInfo = "Intention Shield Action Extension";
		};
		AF10C0DE00000000000000E1 /* PBXContainerItemProxy */ = {
			isa = PBXContainerItemProxy;
			containerPortal = 66B8D00B2FE985ED00BC0D7F /* Project object */;
			proxyType = 1;
			remoteGlobalIDString = AF10C0DE00000000000000D0;
			remoteInfo = "Intention Report Extension";
		};
/* End PBXContainerItemProxy section */

/* Begin PBXCopyFilesBuildPhase section */
		66B8D05F2FE985EF00BC0D7F /* Embed Foundation Extensions */ = {
			isa = PBXCopyFilesBuildPhase;
			buildActionMask = 2147483647;
			dstPath = "";
			dstSubfolderSpec = 13;
			files = (
				66B8D03D2FE985EF00BC0D7F /* Intention Safari Extension.appex in Embed Foundation Extensions */,
				AC10C0DE00000000000000B3 /* Intention Monitor Extension.appex in Embed Foundation Extensions */,
				AD10C0DE00000000000000B3 /* Intention Shield Extension.appex in Embed Foundation Extensions */,
				AE10C0DE00000000000000B3 /* Intention Shield Action Extension.appex in Embed Foundation Extensions */,
			);
			name = "Embed Foundation Extensions";
			runOnlyForDeploymentPostprocessing = 0;
		};
		66B8D0662FE985EF00BC0D7F /* Embed Foundation Extensions */ = {
			isa = PBXCopyFilesBuildPhase;
			buildActionMask = 2147483647;
			dstPath = "";
			dstSubfolderSpec = 13;
			files = (
				66B8D0472FE985EF00BC0D7F /* Intention Safari Extension.appex in Embed Foundation Extensions */,
			);
			name = "Embed Foundation Extensions";
			runOnlyForDeploymentPostprocessing = 0;
		};
		AF10C0DE00000000000000F9 /* Embed ExtensionKit Extensions */ = {
			isa = PBXCopyFilesBuildPhase;
			buildActionMask = 2147483647;
			dstPath = "$(EXTENSIONS_FOLDER_PATH)";
			dstSubfolderSpec = 16;
			files = (
				AF10C0DE00000000000000B3 /* Intention Report Extension.appex in Embed ExtensionKit Extensions */,
			);
			name = "Embed ExtensionKit Extensions";
			runOnlyForDeploymentPostprocessing = 0;
		};
/* End PBXCopyFilesBuildPhase section */

/* Begin PBXFileReference section */
		1C82B6114B5CE5FA7C5FCC52 /* AppGroupConfig.swift */ = {isa = PBXFileReference; lastKnownFileType = sourcecode.swift; path = AppGroupConfig.swift; sourceTree = "<group>"; };
		2BE36CEA3FB8DD72FFBE228A /* iOS (App).entitlements */ = {isa = PBXFileReference; lastKnownFileType = text.plist.entitlements; path = "iOS (App).entitlements"; sourceTree = "<group>"; };
		66B8D0122FE985EE00BC0D7F /* Base */ = {isa = PBXFileReference; lastKnownFileType = text.html; name = Base; path = Base.lproj/Main.html; sourceTree = "<group>"; };
		66B8D0132FE985EE00BC0D7F /* Icon.png */ = {isa = PBXFileReference; lastKnownFileType = image.png; path = Icon.png; sourceTree = "<group>"; };
		66B8D0142FE985EE00BC0D7F /* Style.css */ = {isa = PBXFileReference; lastKnownFileType = text.css; path = Style.css; sourceTree = "<group>"; };
		66B8D0152FE985EE00BC0D7F /* Script.js */ = {isa = PBXFileReference; lastKnownFileType = sourcecode.javascript; path = Script.js; sourceTree = "<group>"; };
		66B8D0162FE985EE00BC0D7F /* ViewController.swift */ = {isa = PBXFileReference; lastKnownFileType = sourcecode.swift; path = ViewController.swift; sourceTree = "<group>"; };
		66B8D0172FE985EE00BC0D7F /* Assets.xcassets */ = {isa = PBXFileReference; lastKnownFileType = folder.assetcatalog; path = Assets.xcassets; sourceTree = "<group>"; };
		66B8D0192FE985EE00BC0D7F /* SafariWebExtensionHandler.swift */ = {isa = PBXFileReference; lastKnownFileType = sourcecode.swift; path = SafariWebExtensionHandler.swift; sourceTree = "<group>"; };
		66B8D01E2FE985EE00BC0D7F /* Intention Safari.app */ = {isa = PBXFileReference; explicitFileType = wrapper.application; includeInIndex = 0; path = "Intention Safari.app"; sourceTree = BUILT_PRODUCTS_DIR; };
		66B8D0212FE985EE00BC0D7F /* AppDelegate.swift */ = {isa = PBXFileReference; lastKnownFileType = sourcecode.swift; path = AppDelegate.swift; sourceTree = "<group>"; };
		66B8D0232FE985EE00BC0D7F /* SceneDelegate.swift */ = {isa = PBXFileReference; lastKnownFileType = sourcecode.swift; path = SceneDelegate.swift; sourceTree = "<group>"; };
		66B8D0262FE985EE00BC0D7F /* Base */ = {isa = PBXFileReference; lastKnownFileType = file.storyboard; name = Base; path = Base.lproj/LaunchScreen.storyboard; sourceTree = "<group>"; };
		66B8D0292FE985EF00BC0D7F /* Base */ = {isa = PBXFileReference; lastKnownFileType = file.storyboard; name = Base; path = Base.lproj/Main.storyboard; sourceTree = "<group>"; };
		66B8D02B2FE985EF00BC0D7F /* Info.plist */ = {isa = PBXFileReference; lastKnownFileType = text.plist.xml; path = Info.plist; sourceTree = "<group>"; };
		66B8D0302FE985EF00BC0D7F /* Intention Safari.app */ = {isa = PBXFileReference; explicitFileType = wrapper.application; includeInIndex = 0; path = "Intention Safari.app"; sourceTree = BUILT_PRODUCTS_DIR; };
		66B8D0322FE985EF00BC0D7F /* AppDelegate.swift */ = {isa = PBXFileReference; lastKnownFileType = sourcecode.swift; path = AppDelegate.swift; sourceTree = "<group>"; };
		66B8D0352FE985EF00BC0D7F /* Base */ = {isa = PBXFileReference; lastKnownFileType = file.storyboard; name = Base; path = Base.lproj/Main.storyboard; sourceTree = "<group>"; };
		66B8D0372FE985EF00BC0D7F /* Info.plist */ = {isa = PBXFileReference; lastKnownFileType = text.plist.xml; path = Info.plist; sourceTree = "<group>"; };
		66B8D03C2FE985EF00BC0D7F /* Intention Safari Extension.appex */ = {isa = PBXFileReference; explicitFileType = "wrapper.app-extension"; includeInIndex = 0; path = "Intention Safari Extension.appex"; sourceTree = BUILT_PRODUCTS_DIR; };
		66B8D0412FE985EF00BC0D7F /* Info.plist */ = {isa = PBXFileReference; lastKnownFileType = text.plist.xml; path = Info.plist; sourceTree = "<group>"; };
		66B8D0462FE985EF00BC0D7F /* Intention Safari Extension.appex */ = {isa = PBXFileReference; explicitFileType = "wrapper.app-extension"; includeInIndex = 0; path = "Intention Safari Extension.appex"; sourceTree = BUILT_PRODUCTS_DIR; };
		66B8D04B2FE985EF00BC0D7F /* Info.plist */ = {isa = PBXFileReference; lastKnownFileType = text.plist.xml; path = Info.plist; sourceTree = "<group>"; };
		66B8D06B2FE985EF00BC0D7F /* icon16.png */ = {isa = PBXFileReference; lastKnownFileType = image.png; name = icon16.png; path = "../../Intention Chrome/icon16.png"; sourceTree = "<group>"; };
		66B8D06C2FE985EF00BC0D7F /* prompts.js */ = {isa = PBXFileReference; lastKnownFileType = sourcecode.javascript; name = prompts.js; path = "../../Intention Chrome/prompts.js"; sourceTree = "<group>"; };
		66B8D06D2FE985EF00BC0D7F /* content.css */ = {isa = PBXFileReference; lastKnownFileType = text.css; name = content.css; path = "../../Intention Chrome/content.css"; sourceTree = "<group>"; };
		66B8D06E2FE985EF00BC0D7F /* background.js */ = {isa = PBXFileReference; lastKnownFileType = sourcecode.javascript; name = background.js; path = "../../Intention Chrome/background.js"; sourceTree = "<group>"; };
		66B8D06F2FE985EF00BC0D7F /* icon48.png */ = {isa = PBXFileReference; lastKnownFileType = image.png; name = icon48.png; path = "../../Intention Chrome/icon48.png"; sourceTree = "<group>"; };
		66B8D0702FE985EF00BC0D7F /* options.js */ = {isa = PBXFileReference; lastKnownFileType = sourcecode.javascript; name = options.js; path = "../../Intention Chrome/options.js"; sourceTree = "<group>"; };
		66B8D0712FE985EF00BC0D7F /* icon128.png */ = {isa = PBXFileReference; lastKnownFileType = image.png; name = icon128.png; path = "../../Intention Chrome/icon128.png"; sourceTree = "<group>"; };
		66B8D0722FE985EF00BC0D7F /* tracking.js */ = {isa = PBXFileReference; lastKnownFileType = sourcecode.javascript; name = tracking.js; path = "../../Intention Chrome/tracking.js"; sourceTree = "<group>"; };
		66B8D0732FE985EF00BC0D7F /* manifest.json */ = {isa = PBXFileReference; lastKnownFileType = text.json; name = manifest.json; path = Resources/manifest.json; sourceTree = "<group>"; };
		66B8D0742FE985EF00BC0D7F /* options.html */ = {isa = PBXFileReference; lastKnownFileType = text.html; name = options.html; path = "../../Intention Chrome/options.html"; sourceTree = "<group>"; };
		66B8D0752FE985EF00BC0D7F /* content.js */ = {isa = PBXFileReference; lastKnownFileType = sourcecode.javascript; name = content.js; path = "../../Intention Chrome/content.js"; sourceTree = "<group>"; };
		66B8D0762FE985EF00BC0D7F /* providers.js */ = {isa = PBXFileReference; lastKnownFileType = sourcecode.javascript; name = providers.js; path = "../../Intention Chrome/providers.js"; sourceTree = "<group>"; };
		66B8D0772FE985EF00BC0D7F /* options.css */ = {isa = PBXFileReference; lastKnownFileType = text.css; name = options.css; path = "../../Intention Chrome/options.css"; sourceTree = "<group>"; };
		66B8D0782FE985EF00BC0D7F /* icon32.png */ = {isa = PBXFileReference; lastKnownFileType = image.png; name = icon32.png; path = "../../Intention Chrome/icon32.png"; sourceTree = "<group>"; };
		66B8D0FE2FE985EF00BC0D7F /* env.txt */ = {isa = PBXFileReference; lastKnownFileType = text; name = env.txt; path = "../../Intention Chrome/env.txt"; sourceTree = "<group>"; };
		66B8D1012FE985EF00BC0D7F /* coaching.html */ = {isa = PBXFileReference; lastKnownFileType = text.html; name = coaching.html; path = "../../Intention Chrome/coaching.html"; sourceTree = "<group>"; };
		66B8D1042FE985EF00BC0D7F /* coaching.js */ = {isa = PBXFileReference; lastKnownFileType = sourcecode.javascript; name = coaching.js; path = "../../Intention Chrome/coaching.js"; sourceTree = "<group>"; };
		66B8D1072FE985EF00BC0D7F /* fonts */ = {isa = PBXFileReference; lastKnownFileType = folder; name = fonts; path = "../../Intention Chrome/fonts"; sourceTree = "<group>"; };
		68A62FDB51C54FAF28354D17 /* iOS (Extension).entitlements */ = {isa = PBXFileReference; lastKnownFileType = text.plist.entitlements; path = "iOS (Extension).entitlements"; sourceTree = "<group>"; };
		8B14A43335CF347D3C27E481 /* ios-bridge.js */ = {isa = PBXFileReference; lastKnownFileType = sourcecode.javascript; path = "ios-bridge.js"; sourceTree = "<group>"; };
		AB10C0DE000000000000FE01 /* AppBlockingManager.swift */ = {isa = PBXFileReference; lastKnownFileType = sourcecode.swift; path = AppBlockingManager.swift; sourceTree = "<group>"; };
		AC10C0DE00000000000000A1 /* DeviceActivityMonitorExtension.swift */ = {isa = PBXFileReference; lastKnownFileType = sourcecode.swift; path = DeviceActivityMonitorExtension.swift; sourceTree = "<group>"; };
		AC10C0DE00000000000000A2 /* Info.plist */ = {isa = PBXFileReference; lastKnownFileType = text.plist.xml; path = Info.plist; sourceTree = "<group>"; };
		AC10C0DE00000000000000A3 /* Monitor Extension.entitlements */ = {isa = PBXFileReference; lastKnownFileType = text.plist.entitlements; path = "Monitor Extension.entitlements"; sourceTree = "<group>"; };
		AC10C0DE00000000000000AF /* Intention Monitor Extension.appex */ = {isa = PBXFileReference; explicitFileType = "wrapper.app-extension"; includeInIndex = 0; path = "Intention Monitor Extension.appex"; sourceTree = BUILT_PRODUCTS_DIR; };
		AD10C0DE00000000000000A1 /* ShieldConfigurationExtension.swift */ = {isa = PBXFileReference; lastKnownFileType = sourcecode.swift; path = ShieldConfigurationExtension.swift; sourceTree = "<group>"; };
		AD10C0DE00000000000000A2 /* Info.plist */ = {isa = PBXFileReference; lastKnownFileType = text.plist.xml; path = Info.plist; sourceTree = "<group>"; };
		AD10C0DE00000000000000A3 /* Shield Extension.entitlements */ = {isa = PBXFileReference; lastKnownFileType = text.plist.entitlements; path = "Shield Extension.entitlements"; sourceTree = "<group>"; };
		AD10C0DE00000000000000AF /* Intention Shield Extension.appex */ = {isa = PBXFileReference; explicitFileType = "wrapper.app-extension"; includeInIndex = 0; path = "Intention Shield Extension.appex"; sourceTree = BUILT_PRODUCTS_DIR; };
		AE10C0DE00000000000000A1 /* ShieldActionExtension.swift */ = {isa = PBXFileReference; lastKnownFileType = sourcecode.swift; path = ShieldActionExtension.swift; sourceTree = "<group>"; };
		AE10C0DE00000000000000A2 /* Info.plist */ = {isa = PBXFileReference; lastKnownFileType = text.plist.xml; path = Info.plist; sourceTree = "<group>"; };
		AE10C0DE00000000000000A3 /* Shield Action Extension.entitlements */ = {isa = PBXFileReference; lastKnownFileType = text.plist.entitlements; path = "Shield Action Extension.entitlements"; sourceTree = "<group>"; };
		AE10C0DE00000000000000AF /* Intention Shield Action Extension.appex */ = {isa = PBXFileReference; explicitFileType = "wrapper.app-extension"; includeInIndex = 0; path = "Intention Shield Action Extension.appex"; sourceTree = BUILT_PRODUCTS_DIR; };
		AF10C0DE00000000000000A1 /* ReportExtension.swift */ = {isa = PBXFileReference; lastKnownFileType = sourcecode.swift; path = ReportExtension.swift; sourceTree = "<group>"; };
		AF10C0DE00000000000000A2 /* Info.plist */ = {isa = PBXFileReference; lastKnownFileType = text.plist.xml; path = Info.plist; sourceTree = "<group>"; };
		AF10C0DE00000000000000A3 /* Report Extension.entitlements */ = {isa = PBXFileReference; lastKnownFileType = text.plist.entitlements; path = "Report Extension.entitlements"; sourceTree = "<group>"; };
		AF10C0DE00000000000000AF /* Intention Report Extension.appex */ = {isa = PBXFileReference; explicitFileType = "wrapper.extensionkit-extension"; includeInIndex = 0; path = "Intention Report Extension.appex"; sourceTree = BUILT_PRODUCTS_DIR; };
		B6E8DE891D3027AFE96FF98E /* BackgroundJSHost.swift */ = {isa = PBXFileReference; lastKnownFileType = sourcecode.swift; path = BackgroundJSHost.swift; sourceTree = "<group>"; };
		E04C52DDA013E524B4F7BAD8 /* JSBridgeCodec.swift */ = {isa = PBXFileReference; lastKnownFileType = sourcecode.swift; path = JSBridgeCodec.swift; sourceTree = "<group>"; };
		EF2C795B61DC8868BAFD9297 /* AppGroupStorage.swift */ = {isa = PBXFileReference; lastKnownFileType = sourcecode.swift; path = AppGroupStorage.swift; sourceTree = "<group>"; };
		F7AA81643104FBF47EF49C27 /* background.html */ = {isa = PBXFileReference; lastKnownFileType = text.html; path = background.html; sourceTree = "<group>"; };
/* End PBXFileReference section */

/* Begin PBXFrameworksBuildPhase section */
		66B8D01B2FE985EE00BC0D7F /* Frameworks */ = {
			isa = PBXFrameworksBuildPhase;
			buildActionMask = 2147483647;
			files = (
			);
			runOnlyForDeploymentPostprocessing = 0;
		};
		66B8D02D2FE985EF00BC0D7F /* Frameworks */ = {
			isa = PBXFrameworksBuildPhase;
			buildActionMask = 2147483647;
			files = (
			);
			runOnlyForDeploymentPostprocessing = 0;
		};
		66B8D0392FE985EF00BC0D7F /* Frameworks */ = {
			isa = PBXFrameworksBuildPhase;
			buildActionMask = 2147483647;
			files = (
			);
			runOnlyForDeploymentPostprocessing = 0;
		};
		66B8D0432FE985EF00BC0D7F /* Frameworks */ = {
			isa = PBXFrameworksBuildPhase;
			buildActionMask = 2147483647;
			files = (
			);
			runOnlyForDeploymentPostprocessing = 0;
		};
		AC10C0DE00000000000000C2 /* Frameworks */ = {
			isa = PBXFrameworksBuildPhase;
			buildActionMask = 2147483647;
			files = (
			);
			runOnlyForDeploymentPostprocessing = 0;
		};
		AD10C0DE00000000000000C2 /* Frameworks */ = {
			isa = PBXFrameworksBuildPhase;
			buildActionMask = 2147483647;
			files = (
			);
			runOnlyForDeploymentPostprocessing = 0;
		};
		AE10C0DE00000000000000C2 /* Frameworks */ = {
			isa = PBXFrameworksBuildPhase;
			buildActionMask = 2147483647;
			files = (
			);
			runOnlyForDeploymentPostprocessing = 0;
		};
		AF10C0DE00000000000000C2 /* Frameworks */ = {
			isa = PBXFrameworksBuildPhase;
			buildActionMask = 2147483647;
			files = (
			);
			runOnlyForDeploymentPostprocessing = 0;
		};
/* End PBXFrameworksBuildPhase section */

/* Begin PBXGroup section */
		66B8D00A2FE985ED00BC0D7F = {
			isa = PBXGroup;
			children = (
				66B8D00F2FE985EE00BC0D7F /* Shared (App) */,
				66B8D0182FE985EE00BC0D7F /* Shared (Extension) */,
				BF6CF1868EB926C9BE668207 /* Shared (iOS) */,
				66B8D0202FE985EE00BC0D7F /* iOS (App) */,
				66B8D0312FE985EF00BC0D7F /* macOS (App) */,
				66B8D0402FE985EF00BC0D7F /* iOS (Extension) */,
				AC10C0DE00000000000000A0 /* iOS (Monitor Extension) */,
				AD10C0DE00000000000000A0 /* iOS (Shield Extension) */,
				AE10C0DE00000000000000A0 /* iOS (Shield Action Extension) */,
				AF10C0DE00000000000000A0 /* iOS (Report Extension) */,
				66B8D04A2FE985EF00BC0D7F /* macOS (Extension) */,
				66B8D01F2FE985EE00BC0D7F /* Products */,
			);
			sourceTree = "<group>";
		};
		66B8D00F2FE985EE00BC0D7F /* Shared (App) */ = {
			isa = PBXGroup;
			children = (
				66B8D0162FE985EE00BC0D7F /* ViewController.swift */,
				66B8D0172FE985EE00BC0D7F /* Assets.xcassets */,
				66B8D0102FE985EE00BC0D7F /* Resources */,
			);
			path = "Shared (App)";
			sourceTree = "<group>";
		};
		66B8D0102FE985EE00BC0D7F /* Resources */ = {
			isa = PBXGroup;
			children = (
				66B8D0112FE985EE00BC0D7F /* Main.html */,
				66B8D0132FE985EE00BC0D7F /* Icon.png */,
				66B8D0142FE985EE00BC0D7F /* Style.css */,
				66B8D0152FE985EE00BC0D7F /* Script.js */,
				F7AA81643104FBF47EF49C27 /* background.html */,
				8B14A43335CF347D3C27E481 /* ios-bridge.js */,
			);
			path = Resources;
			sourceTree = "<group>";
		};
		66B8D0182FE985EE00BC0D7F /* Shared (Extension) */ = {
			isa = PBXGroup;
			children = (
				66B8D06A2FE985EF00BC0D7F /* Resources */,
				66B8D0192FE985EE00BC0D7F /* SafariWebExtensionHandler.swift */,
			);
			path = "Shared (Extension)";
			sourceTree = "<group>";
		};
		66B8D01F2FE985EE00BC0D7F /* Products */ = {
			isa = PBXGroup;
			children = (
				66B8D01E2FE985EE00BC0D7F /* Intention Safari.app */,
				66B8D0302FE985EF00BC0D7F /* Intention Safari.app */,
				66B8D03C2FE985EF00BC0D7F /* Intention Safari Extension.appex */,
				66B8D0462FE985EF00BC0D7F /* Intention Safari Extension.appex */,
				AC10C0DE00000000000000AF /* Intention Monitor Extension.appex */,
				AD10C0DE00000000000000AF /* Intention Shield Extension.appex */,
				AE10C0DE00000000000000AF /* Intention Shield Action Extension.appex */,
				AF10C0DE00000000000000AF /* Intention Report Extension.appex */,
			);
			name = Products;
			sourceTree = "<group>";
		};
		66B8D0202FE985EE00BC0D7F /* iOS (App) */ = {
			isa = PBXGroup;
			children = (
				66B8D0212FE985EE00BC0D7F /* AppDelegate.swift */,
				66B8D0232FE985EE00BC0D7F /* SceneDelegate.swift */,
				66B8D0252FE985EE00BC0D7F /* LaunchScreen.storyboard */,
				66B8D0282FE985EF00BC0D7F /* Main.storyboard */,
				66B8D02B2FE985EF00BC0D7F /* Info.plist */,
				2BE36CEA3FB8DD72FFBE228A /* iOS (App).entitlements */,
			);
			path = "iOS (App)";
			sourceTree = "<group>";
		};
		66B8D0312FE985EF00BC0D7F /* macOS (App) */ = {
			isa = PBXGroup;
			children = (
				66B8D0322FE985EF00BC0D7F /* AppDelegate.swift */,
				66B8D0342FE985EF00BC0D7F /* Main.storyboard */,
				66B8D0372FE985EF00BC0D7F /* Info.plist */,
			);
			path = "macOS (App)";
			sourceTree = "<group>";
		};
		66B8D0402FE985EF00BC0D7F /* iOS (Extension) */ = {
			isa = PBXGroup;
			children = (
				66B8D0412FE985EF00BC0D7F /* Info.plist */,
				68A62FDB51C54FAF28354D17 /* iOS (Extension).entitlements */,
			);
			path = "iOS (Extension)";
			sourceTree = "<group>";
		};
		66B8D04A2FE985EF00BC0D7F /* macOS (Extension) */ = {
			isa = PBXGroup;
			children = (
				66B8D04B2FE985EF00BC0D7F /* Info.plist */,
			);
			path = "macOS (Extension)";
			sourceTree = "<group>";
		};
		66B8D06A2FE985EF00BC0D7F /* Resources */ = {
			isa = PBXGroup;
			children = (
				66B8D06B2FE985EF00BC0D7F /* icon16.png */,
				66B8D06C2FE985EF00BC0D7F /* prompts.js */,
				66B8D06D2FE985EF00BC0D7F /* content.css */,
				66B8D06E2FE985EF00BC0D7F /* background.js */,
				66B8D06F2FE985EF00BC0D7F /* icon48.png */,
				66B8D0702FE985EF00BC0D7F /* options.js */,
				66B8D0712FE985EF00BC0D7F /* icon128.png */,
				66B8D0722FE985EF00BC0D7F /* tracking.js */,
				66B8D0732FE985EF00BC0D7F /* manifest.json */,
				66B8D0742FE985EF00BC0D7F /* options.html */,
				66B8D0752FE985EF00BC0D7F /* content.js */,
				66B8D0762FE985EF00BC0D7F /* providers.js */,
				66B8D0772FE985EF00BC0D7F /* options.css */,
				66B8D0782FE985EF00BC0D7F /* icon32.png */,
				66B8D0FE2FE985EF00BC0D7F /* env.txt */,
				66B8D1012FE985EF00BC0D7F /* coaching.html */,
				66B8D1042FE985EF00BC0D7F /* coaching.js */,
				66B8D1072FE985EF00BC0D7F /* fonts */,
			);
			name = Resources;
			path = "Shared (Extension)";
			sourceTree = SOURCE_ROOT;
		};
		AC10C0DE00000000000000A0 /* iOS (Monitor Extension) */ = {
			isa = PBXGroup;
			children = (
				AC10C0DE00000000000000A1 /* DeviceActivityMonitorExtension.swift */,
				AC10C0DE00000000000000A2 /* Info.plist */,
				AC10C0DE00000000000000A3 /* Monitor Extension.entitlements */,
			);
			path = "iOS (Monitor Extension)";
			sourceTree = "<group>";
		};
		AD10C0DE00000000000000A0 /* iOS (Shield Extension) */ = {
			isa = PBXGroup;
			children = (
				AD10C0DE00000000000000A1 /* ShieldConfigurationExtension.swift */,
				AD10C0DE00000000000000A2 /* Info.plist */,
				AD10C0DE00000000000000A3 /* Shield Extension.entitlements */,
			);
			path = "iOS (Shield Extension)";
			sourceTree = "<group>";
		};
		AE10C0DE00000000000000A0 /* iOS (Shield Action Extension) */ = {
			isa = PBXGroup;
			children = (
				AE10C0DE00000000000000A1 /* ShieldActionExtension.swift */,
				AE10C0DE00000000000000A2 /* Info.plist */,
				AE10C0DE00000000000000A3 /* Shield Action Extension.entitlements */,
			);
			path = "iOS (Shield Action Extension)";
			sourceTree = "<group>";
		};
		AF10C0DE00000000000000A0 /* iOS (Report Extension) */ = {
			isa = PBXGroup;
			children = (
				AF10C0DE00000000000000A1 /* ReportExtension.swift */,
				AF10C0DE00000000000000A2 /* Info.plist */,
				AF10C0DE00000000000000A3 /* Report Extension.entitlements */,
			);
			path = "iOS (Report Extension)";
			sourceTree = "<group>";
		};
		BF6CF1868EB926C9BE668207 /* Shared (iOS) */ = {
			isa = PBXGroup;
			children = (
				AB10C0DE000000000000FE01 /* AppBlockingManager.swift */,
				1C82B6114B5CE5FA7C5FCC52 /* AppGroupConfig.swift */,
				EF2C795B61DC8868BAFD9297 /* AppGroupStorage.swift */,
				E04C52DDA013E524B4F7BAD8 /* JSBridgeCodec.swift */,
				B6E8DE891D3027AFE96FF98E /* BackgroundJSHost.swift */,
			);
			path = "Shared (iOS)";
			sourceTree = "<group>";
		};
/* End PBXGroup section */

/* Begin PBXNativeTarget section */
		66B8D01D2FE985EE00BC0D7F /* Intention Safari (iOS) */ = {
			isa = PBXNativeTarget;
			buildConfigurationList = 66B8D0602FE985EF00BC0D7F /* Build configuration list for PBXNativeTarget "Intention Safari (iOS)" */;
			buildPhases = (
				66B8D01A2FE985EE00BC0D7F /* Sources */,
				66B8D01B2FE985EE00BC0D7F /* Frameworks */,
				66B8D01C2FE985EE00BC0D7F /* Resources */,
				66B8D05F2FE985EF00BC0D7F /* Embed Foundation Extensions */,
				AF10C0DE00000000000000F9 /* Embed ExtensionKit Extensions */,
			);
			buildRules = (
			);
			dependencies = (
				66B8D03F2FE985EF00BC0D7F /* PBXTargetDependency */,
				AC10C0DE00000000000000E2 /* PBXTargetDependency */,
				AD10C0DE00000000000000E2 /* PBXTargetDependency */,
				AE10C0DE00000000000000E2 /* PBXTargetDependency */,
				AF10C0DE00000000000000E2 /* PBXTargetDependency */,
			);
			name = "Intention Safari (iOS)";
			productName = "Intention Safari (iOS)";
			productReference = 66B8D01E2FE985EE00BC0D7F /* Intention Safari.app */;
			productType = "com.apple.product-type.application";
		};
		66B8D02F2FE985EF00BC0D7F /* Intention Safari (macOS) */ = {
			isa = PBXNativeTarget;
			buildConfigurationList = 66B8D0672FE985EF00BC0D7F /* Build configuration list for PBXNativeTarget "Intention Safari (macOS)" */;
			buildPhases = (
				66B8D02C2FE985EF00BC0D7F /* Sources */,
				66B8D02D2FE985EF00BC0D7F /* Frameworks */,
				66B8D02E2FE985EF00BC0D7F /* Resources */,
				66B8D0662FE985EF00BC0D7F /* Embed Foundation Extensions */,
			);
			buildRules = (
			);
			dependencies = (
				66B8D0492FE985EF00BC0D7F /* PBXTargetDependency */,
			);
			name = "Intention Safari (macOS)";
			productName = "Intention Safari (macOS)";
			productReference = 66B8D0302FE985EF00BC0D7F /* Intention Safari.app */;
			productType = "com.apple.product-type.application";
		};
		66B8D03B2FE985EF00BC0D7F /* Intention Safari Extension (iOS) */ = {
			isa = PBXNativeTarget;
			buildConfigurationList = 66B8D05C2FE985EF00BC0D7F /* Build configuration list for PBXNativeTarget "Intention Safari Extension (iOS)" */;
			buildPhases = (
				66B8D0382FE985EF00BC0D7F /* Sources */,
				66B8D0392FE985EF00BC0D7F /* Frameworks */,
				66B8D03A2FE985EF00BC0D7F /* Resources */,
			);
			buildRules = (
			);
			dependencies = (
			);
			name = "Intention Safari Extension (iOS)";
			productName = "Intention Safari Extension (iOS)";
			productReference = 66B8D03C2FE985EF00BC0D7F /* Intention Safari Extension.appex */;
			productType = "com.apple.product-type.app-extension";
		};
		66B8D0452FE985EF00BC0D7F /* Intention Safari Extension (macOS) */ = {
			isa = PBXNativeTarget;
			buildConfigurationList = 66B8D0632FE985EF00BC0D7F /* Build configuration list for PBXNativeTarget "Intention Safari Extension (macOS)" */;
			buildPhases = (
				66B8D0422FE985EF00BC0D7F /* Sources */,
				66B8D0432FE985EF00BC0D7F /* Frameworks */,
				66B8D0442FE985EF00BC0D7F /* Resources */,
			);
			buildRules = (
			);
			dependencies = (
			);
			name = "Intention Safari Extension (macOS)";
			productName = "Intention Safari Extension (macOS)";
			productReference = 66B8D0462FE985EF00BC0D7F /* Intention Safari Extension.appex */;
			productType = "com.apple.product-type.app-extension";
		};
		AC10C0DE00000000000000D0 /* Intention Monitor Extension */ = {
			isa = PBXNativeTarget;
			buildConfigurationList = AC10C0DE00000000000000D1 /* Build configuration list for PBXNativeTarget "Intention Monitor Extension" */;
			buildPhases = (
				AC10C0DE00000000000000C1 /* Sources */,
				AC10C0DE00000000000000C2 /* Frameworks */,
				AC10C0DE00000000000000C3 /* Resources */,
			);
			buildRules = (
			);
			dependencies = (
			);
			name = "Intention Monitor Extension";
			productName = "Intention Monitor Extension";
			productReference = AC10C0DE00000000000000AF /* Intention Monitor Extension.appex */;
			productType = "com.apple.product-type.app-extension";
		};
		AD10C0DE00000000000000D0 /* Intention Shield Extension */ = {
			isa = PBXNativeTarget;
			buildConfigurationList = AD10C0DE00000000000000D1 /* Build configuration list for PBXNativeTarget "Intention Shield Extension" */;
			buildPhases = (
				AD10C0DE00000000000000C1 /* Sources */,
				AD10C0DE00000000000000C2 /* Frameworks */,
				AD10C0DE00000000000000C3 /* Resources */,
			);
			buildRules = (
			);
			dependencies = (
			);
			name = "Intention Shield Extension";
			productName = "Intention Shield Extension";
			productReference = AD10C0DE00000000000000AF /* Intention Shield Extension.appex */;
			productType = "com.apple.product-type.app-extension";
		};
		AE10C0DE00000000000000D0 /* Intention Shield Action Extension */ = {
			isa = PBXNativeTarget;
			buildConfigurationList = AE10C0DE00000000000000D1 /* Build configuration list for PBXNativeTarget "Intention Shield Action Extension" */;
			buildPhases = (
				AE10C0DE00000000000000C1 /* Sources */,
				AE10C0DE00000000000000C2 /* Frameworks */,
				AE10C0DE00000000000000C3 /* Resources */,
			);
			buildRules = (
			);
			dependencies = (
			);
			name = "Intention Shield Action Extension";
			productName = "Intention Shield Action Extension";
			productReference = AE10C0DE00000000000000AF /* Intention Shield Action Extension.appex */;
			productType = "com.apple.product-type.app-extension";
		};
		AF10C0DE00000000000000D0 /* Intention Report Extension */ = {
			isa = PBXNativeTarget;
			buildConfigurationList = AF10C0DE00000000000000D1 /* Build configuration list for PBXNativeTarget "Intention Report Extension" */;
			buildPhases = (
				AF10C0DE00000000000000C1 /* Sources */,
				AF10C0DE00000000000000C2 /* Frameworks */,
				AF10C0DE00000000000000C3 /* Resources */,
			);
			buildRules = (
			);
			dependencies = (
			);
			name = "Intention Report Extension";
			productName = "Intention Report Extension";
			productReference = AF10C0DE00000000000000AF /* Intention Report Extension.appex */;
			productType = "com.apple.product-type.extensionkit-extension";
		};
/* End PBXNativeTarget section */

/* Begin PBXProject section */
		66B8D00B2FE985ED00BC0D7F /* Project object */ = {
			isa = PBXProject;
			attributes = {
				BuildIndependentTargetsInParallel = 1;
				LastSwiftUpdateCheck = 2630;
				LastUpgradeCheck = 2630;
				TargetAttributes = {
					66B8D01D2FE985EE00BC0D7F = {
						CreatedOnToolsVersion = 26.3;
					};
					66B8D02F2FE985EF00BC0D7F = {
						CreatedOnToolsVersion = 26.3;
					};
					66B8D03B2FE985EF00BC0D7F = {
						CreatedOnToolsVersion = 26.3;
					};
					66B8D0452FE985EF00BC0D7F = {
						CreatedOnToolsVersion = 26.3;
					};
				};
			};
			buildConfigurationList = 66B8D00E2FE985ED00BC0D7F /* Build configuration list for PBXProject "Intention Safari" */;
			developmentRegion = en;
			hasScannedForEncodings = 0;
			knownRegions = (
				en,
				Base,
			);
			mainGroup = 66B8D00A2FE985ED00BC0D7F;
			minimizedProjectReferenceProxies = 1;
			preferredProjectObjectVersion = 77;
			productRefGroup = 66B8D01F2FE985EE00BC0D7F /* Products */;
			projectDirPath = "";
			projectRoot = "";
			targets = (
				66B8D01D2FE985EE00BC0D7F /* Intention Safari (iOS) */,
				66B8D02F2FE985EF00BC0D7F /* Intention Safari (macOS) */,
				66B8D03B2FE985EF00BC0D7F /* Intention Safari Extension (iOS) */,
				66B8D0452FE985EF00BC0D7F /* Intention Safari Extension (macOS) */,
				AC10C0DE00000000000000D0 /* Intention Monitor Extension */,
				AD10C0DE00000000000000D0 /* Intention Shield Extension */,
				AE10C0DE00000000000000D0 /* Intention Shield Action Extension */,
				AF10C0DE00000000000000D0 /* Intention Report Extension */,
			);
		};
/* End PBXProject section */

/* Begin PBXResourcesBuildPhase section */
		66B8D01C2FE985EE00BC0D7F /* Resources */ = {
			isa = PBXResourcesBuildPhase;
			buildActionMask = 2147483647;
			files = (
				66B8D04E2FE985EF00BC0D7F /* Icon.png in Resources */,
				66B8D0272FE985EE00BC0D7F /* LaunchScreen.storyboard in Resources */,
				66B8D04C2FE985EF00BC0D7F /* Main.html in Resources */,
				66B8D0522FE985EF00BC0D7F /* Script.js in Resources */,
				66B8D0562FE985EF00BC0D7F /* Assets.xcassets in Resources */,
				66B8D02A2FE985EF00BC0D7F /* Main.storyboard in Resources */,
				66B8D0502FE985EF00BC0D7F /* Style.css in Resources */,
				4EEBFA67CC1061C2552E484E /* background.html in Resources */,
				76E2C3F3EF9D235A2AC0F8E1 /* ios-bridge.js in Resources */,
				5EEE962544C952A6A70D7462 /* options.html in Resources */,
				C11391A3091DB42063A78CA3 /* options.js in Resources */,
				B3D5D21070C5C5FB7732D8D1 /* options.css in Resources */,
				3A17ECA87CF0BC7FC6F1C80E /* providers.js in Resources */,
				1EDF5969600008746A5F0B50 /* prompts.js in Resources */,
				863EED8703AFBACC93C7B3D2 /* tracking.js in Resources */,
				79E816C9538AF8290B28BE79 /* background.js in Resources */,
				AA10C0DE000000000000FE01 /* fonts in Resources */,
			);
			runOnlyForDeploymentPostprocessing = 0;
		};
		66B8D02E2FE985EF00BC0D7F /* Resources */ = {
			isa = PBXResourcesBuildPhase;
			buildActionMask = 2147483647;
			files = (
				66B8D04F2FE985EF00BC0D7F /* Icon.png in Resources */,
				66B8D0512FE985EF00BC0D7F /* Style.css in Resources */,
				66B8D0362FE985EF00BC0D7F /* Main.storyboard in Resources */,
				66B8D0532FE985EF00BC0D7F /* Script.js in Resources */,
				66B8D0572FE985EF00BC0D7F /* Assets.xcassets in Resources */,
				66B8D04D2FE985EF00BC0D7F /* Main.html in Resources */,
			);
			runOnlyForDeploymentPostprocessing = 0;
		};
		66B8D03A2FE985EF00BC0D7F /* Resources */ = {
			isa = PBXResourcesBuildPhase;
			buildActionMask = 2147483647;
			files = (
				66B8D08A2FE985EF00BC0D7F /* background.js in Resources */,
				66B8D0912FE985EF00BC0D7F /* content.js in Resources */,
				66B8D08E2FE985EF00BC0D7F /* tracking.js in Resources */,
				66B8D08C2FE985EF00BC0D7F /* options.js in Resources */,
				66B8D0892FE985EF00BC0D7F /* content.css in Resources */,
				66B8D08F2FE985EF00BC0D7F /* manifest.json in Resources */,
				66B8D0932FE985EF00BC0D7F /* options.css in Resources */,
				66B8D0882FE985EF00BC0D7F /* prompts.js in Resources */,
				66B8D0872FE985EF00BC0D7F /* icon16.png in Resources */,
				66B8D0942FE985EF00BC0D7F /* icon32.png in Resources */,
				66B8D0902FE985EF00BC0D7F /* options.html in Resources */,
				66B8D0922FE985EF00BC0D7F /* providers.js in Resources */,
				66B8D08B2FE985EF00BC0D7F /* icon48.png in Resources */,
				66B8D08D2FE985EF00BC0D7F /* icon128.png in Resources */,
				66B8D0FF2FE985EF00BC0D7F /* env.txt in Resources */,
				66B8D1022FE985EF00BC0D7F /* coaching.html in Resources */,
				66B8D1052FE985EF00BC0D7F /* coaching.js in Resources */,
				AA10C0DE000000000000FE02 /* fonts in Resources */,
			);
			runOnlyForDeploymentPostprocessing = 0;
		};
		66B8D0442FE985EF00BC0D7F /* Resources */ = {
			isa = PBXResourcesBuildPhase;
			buildActionMask = 2147483647;
			files = (
				66B8D07C2FE985EF00BC0D7F /* background.js in Resources */,
				66B8D0832FE985EF00BC0D7F /* content.js in Resources */,
				66B8D0802FE985EF00BC0D7F /* tracking.js in Resources */,
				66B8D07E2FE985EF00BC0D7F /* options.js in Resources */,
				66B8D07B2FE985EF00BC0D7F /* content.css in Resources */,
				66B8D0812FE985EF00BC0D7F /* manifest.json in Resources */,
				66B8D0852FE985EF00BC0D7F /* options.css in Resources */,
				66B8D07A2FE985EF00BC0D7F /* prompts.js in Resources */,
				66B8D0792FE985EF00BC0D7F /* icon16.png in Resources */,
				66B8D0862FE985EF00BC0D7F /* icon32.png in Resources */,
				66B8D0822FE985EF00BC0D7F /* options.html in Resources */,
				66B8D0842FE985EF00BC0D7F /* providers.js in Resources */,
				66B8D07D2FE985EF00BC0D7F /* icon48.png in Resources */,
				66B8D07F2FE985EF00BC0D7F /* icon128.png in Resources */,
				66B8D1002FE985EF00BC0D7F /* env.txt in Resources */,
				66B8D1032FE985EF00BC0D7F /* coaching.html in Resources */,
				66B8D1062FE985EF00BC0D7F /* coaching.js in Resources */,
				AA10C0DE000000000000FE03 /* fonts in Resources */,
			);
			runOnlyForDeploymentPostprocessing = 0;
		};
		AC10C0DE00000000000000C3 /* Resources */ = {
			isa = PBXResourcesBuildPhase;
			buildActionMask = 2147483647;
			files = (
			);
			runOnlyForDeploymentPostprocessing = 0;
		};
		AD10C0DE00000000000000C3 /* Resources */ = {
			isa = PBXResourcesBuildPhase;
			buildActionMask = 2147483647;
			files = (
			);
			runOnlyForDeploymentPostprocessing = 0;
		};
		AE10C0DE00000000000000C3 /* Resources */ = {
			isa = PBXResourcesBuildPhase;
			buildActionMask = 2147483647;
			files = (
			);
			runOnlyForDeploymentPostprocessing = 0;
		};
		AF10C0DE00000000000000C3 /* Resources */ = {
			isa = PBXResourcesBuildPhase;
			buildActionMask = 2147483647;
			files = (
			);
			runOnlyForDeploymentPostprocessing = 0;
		};
/* End PBXResourcesBuildPhase section */

/* Begin PBXSourcesBuildPhase section */
		66B8D01A2FE985EE00BC0D7F /* Sources */ = {
			isa = PBXSourcesBuildPhase;
			buildActionMask = 2147483647;
			files = (
				66B8D0542FE985EF00BC0D7F /* ViewController.swift in Sources */,
				66B8D0222FE985EE00BC0D7F /* AppDelegate.swift in Sources */,
				66B8D0242FE985EE00BC0D7F /* SceneDelegate.swift in Sources */,
				0E93EE68E1E4905CC3900D1F /* AppGroupConfig.swift in Sources */,
				C08A05D7C8416962ACF3E6A7 /* AppGroupStorage.swift in Sources */,
				CE510BB9AADCBEF64B46E9CC /* JSBridgeCodec.swift in Sources */,
				97FE0F7C3C8C278A618268B0 /* BackgroundJSHost.swift in Sources */,
				AB10C0DE000000000000BF01 /* AppBlockingManager.swift in Sources */,
			);
			runOnlyForDeploymentPostprocessing = 0;
		};
		66B8D02C2FE985EF00BC0D7F /* Sources */ = {
			isa = PBXSourcesBuildPhase;
			buildActionMask = 2147483647;
			files = (
				66B8D0552FE985EF00BC0D7F /* ViewController.swift in Sources */,
				66B8D0332FE985EF00BC0D7F /* AppDelegate.swift in Sources */,
			);
			runOnlyForDeploymentPostprocessing = 0;
		};
		66B8D0382FE985EF00BC0D7F /* Sources */ = {
			isa = PBXSourcesBuildPhase;
			buildActionMask = 2147483647;
			files = (
				66B8D0582FE985EF00BC0D7F /* SafariWebExtensionHandler.swift in Sources */,
				D143666024E51AD56C339518 /* AppGroupConfig.swift in Sources */,
				125A0D90AB57B28FE647ACAB /* AppGroupStorage.swift in Sources */,
			);
			runOnlyForDeploymentPostprocessing = 0;
		};
		66B8D0422FE985EF00BC0D7F /* Sources */ = {
			isa = PBXSourcesBuildPhase;
			buildActionMask = 2147483647;
			files = (
				66B8D0592FE985EF00BC0D7F /* SafariWebExtensionHandler.swift in Sources */,
			);
			runOnlyForDeploymentPostprocessing = 0;
		};
		AC10C0DE00000000000000C1 /* Sources */ = {
			isa = PBXSourcesBuildPhase;
			buildActionMask = 2147483647;
			files = (
				AC10C0DE00000000000000B1 /* DeviceActivityMonitorExtension.swift in Sources */,
				AC10C0DE00000000000000B2 /* AppGroupConfig.swift in Sources */,
			);
			runOnlyForDeploymentPostprocessing = 0;
		};
		AD10C0DE00000000000000C1 /* Sources */ = {
			isa = PBXSourcesBuildPhase;
			buildActionMask = 2147483647;
			files = (
				AD10C0DE00000000000000B1 /* ShieldConfigurationExtension.swift in Sources */,
			);
			runOnlyForDeploymentPostprocessing = 0;
		};
		AE10C0DE00000000000000C1 /* Sources */ = {
			isa = PBXSourcesBuildPhase;
			buildActionMask = 2147483647;
			files = (
				AE10C0DE00000000000000B1 /* ShieldActionExtension.swift in Sources */,
			);
			runOnlyForDeploymentPostprocessing = 0;
		};
		AF10C0DE00000000000000C1 /* Sources */ = {
			isa = PBXSourcesBuildPhase;
			buildActionMask = 2147483647;
			files = (
				AF10C0DE00000000000000B1 /* ReportExtension.swift in Sources */,
				AF10C0DE00000000000000B2 /* AppGroupConfig.swift in Sources */,
			);
			runOnlyForDeploymentPostprocessing = 0;
		};
/* End PBXSourcesBuildPhase section */

/* Begin PBXTargetDependency section */
		66B8D03F2FE985EF00BC0D7F /* PBXTargetDependency */ = {
			isa = PBXTargetDependency;
			target = 66B8D03B2FE985EF00BC0D7F /* Intention Safari Extension (iOS) */;
			targetProxy = 66B8D03E2FE985EF00BC0D7F /* PBXContainerItemProxy */;
		};
		66B8D0492FE985EF00BC0D7F /* PBXTargetDependency */ = {
			isa = PBXTargetDependency;
			target = 66B8D0452FE985EF00BC0D7F /* Intention Safari Extension (macOS) */;
			targetProxy = 66B8D0482FE985EF00BC0D7F /* PBXContainerItemProxy */;
		};
		AC10C0DE00000000000000E2 /* PBXTargetDependency */ = {
			isa = PBXTargetDependency;
			target = AC10C0DE00000000000000D0 /* Intention Monitor Extension */;
			targetProxy = AC10C0DE00000000000000E1 /* PBXContainerItemProxy */;
		};
		AD10C0DE00000000000000E2 /* PBXTargetDependency */ = {
			isa = PBXTargetDependency;
			target = AD10C0DE00000000000000D0 /* Intention Shield Extension */;
			targetProxy = AD10C0DE00000000000000E1 /* PBXContainerItemProxy */;
		};
		AE10C0DE00000000000000E2 /* PBXTargetDependency */ = {
			isa = PBXTargetDependency;
			target = AE10C0DE00000000000000D0 /* Intention Shield Action Extension */;
			targetProxy = AE10C0DE00000000000000E1 /* PBXContainerItemProxy */;
		};
		AF10C0DE00000000000000E2 /* PBXTargetDependency */ = {
			isa = PBXTargetDependency;
			target = AF10C0DE00000000000000D0 /* Intention Report Extension */;
			targetProxy = AF10C0DE00000000000000E1 /* PBXContainerItemProxy */;
		};
/* End PBXTargetDependency section */

/* Begin PBXVariantGroup section */
		66B8D0112FE985EE00BC0D7F /* Main.html */ = {
			isa = PBXVariantGroup;
			children = (
				66B8D0122FE985EE00BC0D7F /* Base */,
			);
			name = Main.html;
			sourceTree = "<group>";
		};
		66B8D0252FE985EE00BC0D7F /* LaunchScreen.storyboard */ = {
			isa = PBXVariantGroup;
			children = (
				66B8D0262FE985EE00BC0D7F /* Base */,
			);
			name = LaunchScreen.storyboard;
			sourceTree = "<group>";
		};
		66B8D0282FE985EF00BC0D7F /* Main.storyboard */ = {
			isa = PBXVariantGroup;
			children = (
				66B8D0292FE985EF00BC0D7F /* Base */,
			);
			name = Main.storyboard;
			sourceTree = "<group>";
		};
		66B8D0342FE985EF00BC0D7F /* Main.storyboard */ = {
			isa = PBXVariantGroup;
			children = (
				66B8D0352FE985EF00BC0D7F /* Base */,
			);
			name = Main.storyboard;
			sourceTree = "<group>";
		};
/* End PBXVariantGroup section */

/* Begin XCBuildConfiguration section */
		66B8D05A2FE985EF00BC0D7F /* Debug */ = {
			isa = XCBuildConfiguration;
			buildSettings = {
				ALWAYS_SEARCH_USER_PATHS = NO;
				ASSETCATALOG_COMPILER_GENERATE_SWIFT_ASSET_SYMBOL_EXTENSIONS = YES;
				CLANG_ANALYZER_NONNULL = YES;
				CLANG_ANALYZER_NUMBER_OBJECT_CONVERSION = YES_AGGRESSIVE;
				CLANG_CXX_LANGUAGE_STANDARD = "gnu++20";
				CLANG_ENABLE_MODULES = YES;
				CLANG_ENABLE_OBJC_ARC = YES;
				CLANG_ENABLE_OBJC_WEAK = YES;
				CLANG_WARN_BLOCK_CAPTURE_AUTORELEASING = YES;
				CLANG_WARN_BOOL_CONVERSION = YES;
				CLANG_WARN_COMMA = YES;
				CLANG_WARN_CONSTANT_CONVERSION = YES;
				CLANG_WARN_DEPRECATED_OBJC_IMPLEMENTATIONS = YES;
				CLANG_WARN_DIRECT_OBJC_ISA_USAGE = YES_ERROR;
				CLANG_WARN_DOCUMENTATION_COMMENTS = YES;
				CLANG_WARN_EMPTY_BODY = YES;
				CLANG_WARN_ENUM_CONVERSION = YES;
				CLANG_WARN_INFINITE_RECURSION = YES;
				CLANG_WARN_INT_CONVERSION = YES;
				CLANG_WARN_NON_LITERAL_NULL_CONVERSION = YES;
				CLANG_WARN_OBJC_IMPLICIT_RETAIN_SELF = YES;
				CLANG_WARN_OBJC_LITERAL_CONVERSION = YES;
				CLANG_WARN_OBJC_ROOT_CLASS = YES_ERROR;
				CLANG_WARN_QUOTED_INCLUDE_IN_FRAMEWORK_HEADER = YES;
				CLANG_WARN_RANGE_LOOP_ANALYSIS = YES;
				CLANG_WARN_STRICT_PROTOTYPES = YES;
				CLANG_WARN_SUSPICIOUS_MOVE = YES;
				CLANG_WARN_UNGUARDED_AVAILABILITY = YES_AGGRESSIVE;
				CLANG_WARN_UNREACHABLE_CODE = YES;
				CLANG_WARN__DUPLICATE_METHOD_MATCH = YES;
				COPY_PHASE_STRIP = NO;
				DEBUG_INFORMATION_FORMAT = dwarf;
				ENABLE_STRICT_OBJC_MSGSEND = YES;
				ENABLE_TESTABILITY = YES;
				ENABLE_USER_SCRIPT_SANDBOXING = YES;
				GCC_C_LANGUAGE_STANDARD = gnu17;
				GCC_DYNAMIC_NO_PIC = NO;
				GCC_NO_COMMON_BLOCKS = YES;
				GCC_OPTIMIZATION_LEVEL = 0;
				GCC_PREPROCESSOR_DEFINITIONS = (
					"DEBUG=1",
					"$(inherited)",
				);
				GCC_WARN_64_TO_32_BIT_CONVERSION = YES;
				GCC_WARN_ABOUT_RETURN_TYPE = YES_ERROR;
				GCC_WARN_UNDECLARED_SELECTOR = YES;
				GCC_WARN_UNINITIALIZED_AUTOS = YES_AGGRESSIVE;
				GCC_WARN_UNUSED_FUNCTION = YES;
				GCC_WARN_UNUSED_VARIABLE = YES;
				LOCALIZATION_PREFERS_STRING_CATALOGS = YES;
				MTL_ENABLE_DEBUG_INFO = INCLUDE_SOURCE;
				MTL_FAST_MATH = YES;
				ONLY_ACTIVE_ARCH = YES;
				SWIFT_ACTIVE_COMPILATION_CONDITIONS = "DEBUG $(inherited)";
				SWIFT_OPTIMIZATION_LEVEL = "-Onone";
			};
			name = Debug;
		};
		66B8D05B2FE985EF00BC0D7F /* Release */ = {
			isa = XCBuildConfiguration;
			buildSettings = {
				ALWAYS_SEARCH_USER_PATHS = NO;
				ASSETCATALOG_COMPILER_GENERATE_SWIFT_ASSET_SYMBOL_EXTENSIONS = YES;
				CLANG_ANALYZER_NONNULL = YES;
				CLANG_ANALYZER_NUMBER_OBJECT_CONVERSION = YES_AGGRESSIVE;
				CLANG_CXX_LANGUAGE_STANDARD = "gnu++20";
				CLANG_ENABLE_MODULES = YES;
				CLANG_ENABLE_OBJC_ARC = YES;
				CLANG_ENABLE_OBJC_WEAK = YES;
				CLANG_WARN_BLOCK_CAPTURE_AUTORELEASING = YES;
				CLANG_WARN_BOOL_CONVERSION = YES;
				CLANG_WARN_COMMA = YES;
				CLANG_WARN_CONSTANT_CONVERSION = YES;
				CLANG_WARN_DEPRECATED_OBJC_IMPLEMENTATIONS = YES;
				CLANG_WARN_DIRECT_OBJC_ISA_USAGE = YES_ERROR;
				CLANG_WARN_DOCUMENTATION_COMMENTS = YES;
				CLANG_WARN_EMPTY_BODY = YES;
				CLANG_WARN_ENUM_CONVERSION = YES;
				CLANG_WARN_INFINITE_RECURSION = YES;
				CLANG_WARN_INT_CONVERSION = YES;
				CLANG_WARN_NON_LITERAL_NULL_CONVERSION = YES;
				CLANG_WARN_OBJC_IMPLICIT_RETAIN_SELF = YES;
				CLANG_WARN_OBJC_LITERAL_CONVERSION = YES;
				CLANG_WARN_OBJC_ROOT_CLASS = YES_ERROR;
				CLANG_WARN_QUOTED_INCLUDE_IN_FRAMEWORK_HEADER = YES;
				CLANG_WARN_RANGE_LOOP_ANALYSIS = YES;
				CLANG_WARN_STRICT_PROTOTYPES = YES;
				CLANG_WARN_SUSPICIOUS_MOVE = YES;
				CLANG_WARN_UNGUARDED_AVAILABILITY = YES_AGGRESSIVE;
				CLANG_WARN_UNREACHABLE_CODE = YES;
				CLANG_WARN__DUPLICATE_METHOD_MATCH = YES;
				COPY_PHASE_STRIP = NO;
				DEBUG_INFORMATION_FORMAT = "dwarf-with-dsym";
				ENABLE_NS_ASSERTIONS = NO;
				ENABLE_STRICT_OBJC_MSGSEND = YES;
				ENABLE_USER_SCRIPT_SANDBOXING = YES;
				GCC_C_LANGUAGE_STANDARD = gnu17;
				GCC_NO_COMMON_BLOCKS = YES;
				GCC_WARN_64_TO_32_BIT_CONVERSION = YES;
				GCC_WARN_ABOUT_RETURN_TYPE = YES_ERROR;
				GCC_WARN_UNDECLARED_SELECTOR = YES;
				GCC_WARN_UNINITIALIZED_AUTOS = YES_AGGRESSIVE;
				GCC_WARN_UNUSED_FUNCTION = YES;
				GCC_WARN_UNUSED_VARIABLE = YES;
				LOCALIZATION_PREFERS_STRING_CATALOGS = YES;
				MTL_ENABLE_DEBUG_INFO = NO;
				MTL_FAST_MATH = YES;
				SWIFT_COMPILATION_MODE = wholemodule;
			};
			name = Release;
		};
		66B8D05D2FE985EF00BC0D7F /* Debug */ = {
			isa = XCBuildConfiguration;
			buildSettings = {
				CODE_SIGN_ENTITLEMENTS = "iOS (Extension)/iOS (Extension).entitlements";
				CODE_SIGN_IDENTITY = "Apple Distribution";
				CODE_SIGN_STYLE = Manual;
				CURRENT_PROJECT_VERSION = 14;
				DEVELOPMENT_TEAM = 6NQNU5YSC2;
				GENERATE_INFOPLIST_FILE = YES;
				INFOPLIST_FILE = "iOS (Extension)/Info.plist";
				INFOPLIST_KEY_CFBundleDisplayName = "Intention Safari Extension";
				INFOPLIST_KEY_NSHumanReadableCopyright = "";
				IPHONEOS_DEPLOYMENT_TARGET = 15.0;
				LD_RUNPATH_SEARCH_PATHS = (
					"$(inherited)",
					"@executable_path/Frameworks",
					"@executable_path/../../Frameworks",
				);
				MARKETING_VERSION = 0.15.1;
				OTHER_LDFLAGS = (
					"-framework",
					SafariServices,
				);
				PRODUCT_BUNDLE_IDENTIFIER = uk.co.maybeitssoftware.intention.Extension;
				PRODUCT_NAME = "Intention Safari Extension";
				PROVISIONING_PROFILE_SPECIFIER = "match AppStore uk.co.maybeitssoftware.intention.Extension";
				SDKROOT = iphoneos;
				SKIP_INSTALL = YES;
				STRING_CATALOG_GENERATE_SYMBOLS = YES;
				SWIFT_APPROACHABLE_CONCURRENCY = YES;
				SWIFT_EMIT_LOC_STRINGS = YES;
				SWIFT_UPCOMING_FEATURE_MEMBER_IMPORT_VISIBILITY = YES;
				SWIFT_VERSION = 5.0;
				TARGETED_DEVICE_FAMILY = "1,2";
			};
			name = Debug;
		};
		66B8D05E2FE985EF00BC0D7F /* Release */ = {
			isa = XCBuildConfiguration;
			buildSettings = {
				CODE_SIGN_ENTITLEMENTS = "iOS (Extension)/iOS (Extension).entitlements";
				CODE_SIGN_IDENTITY = "Apple Distribution";
				CODE_SIGN_STYLE = Manual;
				CURRENT_PROJECT_VERSION = 14;
				DEVELOPMENT_TEAM = 6NQNU5YSC2;
				GENERATE_INFOPLIST_FILE = YES;
				INFOPLIST_FILE = "iOS (Extension)/Info.plist";
				INFOPLIST_KEY_CFBundleDisplayName = "Intention Safari Extension";
				INFOPLIST_KEY_NSHumanReadableCopyright = "";
				IPHONEOS_DEPLOYMENT_TARGET = 15.0;
				LD_RUNPATH_SEARCH_PATHS = (
					"$(inherited)",
					"@executable_path/Frameworks",
					"@executable_path/../../Frameworks",
				);
				MARKETING_VERSION = 0.15.1;
				OTHER_LDFLAGS = (
					"-framework",
					SafariServices,
				);
				PRODUCT_BUNDLE_IDENTIFIER = uk.co.maybeitssoftware.intention.Extension;
				PRODUCT_NAME = "Intention Safari Extension";
				PROVISIONING_PROFILE_SPECIFIER = "match AppStore uk.co.maybeitssoftware.intention.Extension";
				SDKROOT = iphoneos;
				SKIP_INSTALL = YES;
				STRING_CATALOG_GENERATE_SYMBOLS = YES;
				SWIFT_APPROACHABLE_CONCURRENCY = YES;
				SWIFT_EMIT_LOC_STRINGS = YES;
				SWIFT_UPCOMING_FEATURE_MEMBER_IMPORT_VISIBILITY = YES;
				SWIFT_VERSION = 5.0;
				TARGETED_DEVICE_FAMILY = "1,2";
				VALIDATE_PRODUCT = YES;
			};
			name = Release;
		};
		66B8D0612FE985EF00BC0D7F /* Debug */ = {
			isa = XCBuildConfiguration;
			buildSettings = {
				ASSETCATALOG_COMPILER_APPICON_NAME = AppIcon;
				ASSETCATALOG_COMPILER_GLOBAL_ACCENT_COLOR_NAME = AccentColor;
				CODE_SIGN_ENTITLEMENTS = "iOS (App)/iOS (App).entitlements";
				CODE_SIGN_IDENTITY = "Apple Distribution";
				CODE_SIGN_STYLE = Manual;
				CURRENT_PROJECT_VERSION = 14;
				DEVELOPMENT_TEAM = 6NQNU5YSC2;
				GENERATE_INFOPLIST_FILE = YES;
				INFOPLIST_FILE = "iOS (App)/Info.plist";
				INFOPLIST_KEY_CFBundleDisplayName = Intention;
				INFOPLIST_KEY_UIApplicationSupportsIndirectInputEvents = YES;
				INFOPLIST_KEY_UILaunchStoryboardName = LaunchScreen;
				INFOPLIST_KEY_UIMainStoryboardFile = Main;
				INFOPLIST_KEY_UISupportedInterfaceOrientations = "UIInterfaceOrientationPortrait UIInterfaceOrientationLandscapeLeft UIInterfaceOrientationLandscapeRight";
				INFOPLIST_KEY_UISupportedInterfaceOrientations_iPad = "UIInterfaceOrientationPortrait UIInterfaceOrientationPortraitUpsideDown UIInterfaceOrientationLandscapeLeft UIInterfaceOrientationLandscapeRight";
				IPHONEOS_DEPLOYMENT_TARGET = 15.0;
				LD_RUNPATH_SEARCH_PATHS = (
					"$(inherited)",
					"@executable_path/Frameworks",
				);
				MARKETING_VERSION = 0.15.1;
				OTHER_LDFLAGS = (
					"-framework",
					SafariServices,
					"-framework",
					WebKit,
				);
				PRODUCT_BUNDLE_IDENTIFIER = uk.co.maybeitssoftware.intention;
				PRODUCT_NAME = Intention;
				PROVISIONING_PROFILE_SPECIFIER = "match AppStore uk.co.maybeitssoftware.intention";
				SDKROOT = iphoneos;
				STRING_CATALOG_GENERATE_SYMBOLS = YES;
				SWIFT_APPROACHABLE_CONCURRENCY = YES;
				SWIFT_DEFAULT_ACTOR_ISOLATION = MainActor;
				SWIFT_EMIT_LOC_STRINGS = YES;
				SWIFT_UPCOMING_FEATURE_MEMBER_IMPORT_VISIBILITY = YES;
				SWIFT_VERSION = 5.0;
				TARGETED_DEVICE_FAMILY = "1,2";
			};
			name = Debug;
		};
		66B8D0622FE985EF00BC0D7F /* Release */ = {
			isa = XCBuildConfiguration;
			buildSettings = {
				ASSETCATALOG_COMPILER_APPICON_NAME = AppIcon;
				ASSETCATALOG_COMPILER_GLOBAL_ACCENT_COLOR_NAME = AccentColor;
				CODE_SIGN_ENTITLEMENTS = "iOS (App)/iOS (App).entitlements";
				CODE_SIGN_IDENTITY = "Apple Distribution";
				CODE_SIGN_STYLE = Manual;
				CURRENT_PROJECT_VERSION = 14;
				DEVELOPMENT_TEAM = 6NQNU5YSC2;
				GENERATE_INFOPLIST_FILE = YES;
				INFOPLIST_FILE = "iOS (App)/Info.plist";
				INFOPLIST_KEY_CFBundleDisplayName = Intention;
				INFOPLIST_KEY_UIApplicationSupportsIndirectInputEvents = YES;
				INFOPLIST_KEY_UILaunchStoryboardName = LaunchScreen;
				INFOPLIST_KEY_UIMainStoryboardFile = Main;
				INFOPLIST_KEY_UISupportedInterfaceOrientations = "UIInterfaceOrientationPortrait UIInterfaceOrientationLandscapeLeft UIInterfaceOrientationLandscapeRight";
				INFOPLIST_KEY_UISupportedInterfaceOrientations_iPad = "UIInterfaceOrientationPortrait UIInterfaceOrientationPortraitUpsideDown UIInterfaceOrientationLandscapeLeft UIInterfaceOrientationLandscapeRight";
				IPHONEOS_DEPLOYMENT_TARGET = 15.0;
				LD_RUNPATH_SEARCH_PATHS = (
					"$(inherited)",
					"@executable_path/Frameworks",
				);
				MARKETING_VERSION = 0.15.1;
				OTHER_LDFLAGS = (
					"-framework",
					SafariServices,
					"-framework",
					WebKit,
				);
				PRODUCT_BUNDLE_IDENTIFIER = uk.co.maybeitssoftware.intention;
				PRODUCT_NAME = Intention;
				PROVISIONING_PROFILE_SPECIFIER = "match AppStore uk.co.maybeitssoftware.intention";
				SDKROOT = iphoneos;
				STRING_CATALOG_GENERATE_SYMBOLS = YES;
				SWIFT_APPROACHABLE_CONCURRENCY = YES;
				SWIFT_DEFAULT_ACTOR_ISOLATION = MainActor;
				SWIFT_EMIT_LOC_STRINGS = YES;
				SWIFT_UPCOMING_FEATURE_MEMBER_IMPORT_VISIBILITY = YES;
				SWIFT_VERSION = 5.0;
				TARGETED_DEVICE_FAMILY = "1,2";
				VALIDATE_PRODUCT = YES;
			};
			name = Release;
		};
		66B8D0642FE985EF00BC0D7F /* Debug */ = {
			isa = XCBuildConfiguration;
			buildSettings = {
				CODE_SIGN_IDENTITY = "Apple Distribution";
				CODE_SIGN_STYLE = Manual;
				CURRENT_PROJECT_VERSION = 14;
				DEVELOPMENT_TEAM = 6NQNU5YSC2;
				ENABLE_APP_SANDBOX = YES;
				ENABLE_HARDENED_RUNTIME = YES;
				ENABLE_USER_SELECTED_FILES = readonly;
				GENERATE_INFOPLIST_FILE = YES;
				INFOPLIST_FILE = "macOS (Extension)/Info.plist";
				INFOPLIST_KEY_CFBundleDisplayName = "Intention Safari Extension";
				INFOPLIST_KEY_NSHumanReadableCopyright = "";
				LD_RUNPATH_SEARCH_PATHS = (
					"$(inherited)",
					"@executable_path/../Frameworks",
					"@executable_path/../../../../Frameworks",
				);
				MACOSX_DEPLOYMENT_TARGET = 10.14;
				MARKETING_VERSION = 0.15.1;
				OTHER_LDFLAGS = (
					"-framework",
					SafariServices,
				);
				PRODUCT_BUNDLE_IDENTIFIER = uk.co.maybeitssoftware.intention.Extension;
				PRODUCT_NAME = "Intention Safari Extension";
				PROVISIONING_PROFILE_SPECIFIER = "match AppStore uk.co.maybeitssoftware.intention.Extension macos";
				SDKROOT = macosx;
				SKIP_INSTALL = YES;
				STRING_CATALOG_GENERATE_SYMBOLS = YES;
				SWIFT_APPROACHABLE_CONCURRENCY = YES;
				SWIFT_EMIT_LOC_STRINGS = YES;
				SWIFT_UPCOMING_FEATURE_MEMBER_IMPORT_VISIBILITY = YES;
				SWIFT_VERSION = 5.0;
			};
			name = Debug;
		};
		66B8D0652FE985EF00BC0D7F /* Release */ = {
			isa = XCBuildConfiguration;
			buildSettings = {
				CODE_SIGN_IDENTITY = "Apple Distribution";
				CODE_SIGN_STYLE = Manual;
				CURRENT_PROJECT_VERSION = 14;
				DEVELOPMENT_TEAM = 6NQNU5YSC2;
				ENABLE_APP_SANDBOX = YES;
				ENABLE_HARDENED_RUNTIME = YES;
				ENABLE_USER_SELECTED_FILES = readonly;
				GENERATE_INFOPLIST_FILE = YES;
				INFOPLIST_FILE = "macOS (Extension)/Info.plist";
				INFOPLIST_KEY_CFBundleDisplayName = "Intention Safari Extension";
				INFOPLIST_KEY_NSHumanReadableCopyright = "";
				LD_RUNPATH_SEARCH_PATHS = (
					"$(inherited)",
					"@executable_path/../Frameworks",
					"@executable_path/../../../../Frameworks",
				);
				MACOSX_DEPLOYMENT_TARGET = 10.14;
				MARKETING_VERSION = 0.15.1;
				OTHER_LDFLAGS = (
					"-framework",
					SafariServices,
				);
				PRODUCT_BUNDLE_IDENTIFIER = uk.co.maybeitssoftware.intention.Extension;
				PRODUCT_NAME = "Intention Safari Extension";
				PROVISIONING_PROFILE_SPECIFIER = "match AppStore uk.co.maybeitssoftware.intention.Extension macos";
				SDKROOT = macosx;
				SKIP_INSTALL = YES;
				STRING_CATALOG_GENERATE_SYMBOLS = YES;
				SWIFT_APPROACHABLE_CONCURRENCY = YES;
				SWIFT_EMIT_LOC_STRINGS = YES;
				SWIFT_UPCOMING_FEATURE_MEMBER_IMPORT_VISIBILITY = YES;
				SWIFT_VERSION = 5.0;
			};
			name = Release;
		};
		66B8D0682FE985EF00BC0D7F /* Debug */ = {
			isa = XCBuildConfiguration;
			buildSettings = {
				ASSETCATALOG_COMPILER_APPICON_NAME = AppIcon;
				ASSETCATALOG_COMPILER_GLOBAL_ACCENT_COLOR_NAME = AccentColor;
				CODE_SIGN_IDENTITY = "Apple Distribution";
				CODE_SIGN_STYLE = Manual;
				CURRENT_PROJECT_VERSION = 14;
				DEVELOPMENT_TEAM = 6NQNU5YSC2;
				ENABLE_APP_SANDBOX = YES;
				ENABLE_HARDENED_RUNTIME = YES;
				ENABLE_OUTGOING_NETWORK_CONNECTIONS = YES;
				ENABLE_USER_SELECTED_FILES = readonly;
				GENERATE_INFOPLIST_FILE = YES;
				INFOPLIST_FILE = "macOS (App)/Info.plist";
				INFOPLIST_KEY_CFBundleDisplayName = Intention;
				INFOPLIST_KEY_LSApplicationCategoryType = "public.app-category.productivity";
				INFOPLIST_KEY_NSMainStoryboardFile = Main;
				INFOPLIST_KEY_NSPrincipalClass = NSApplication;
				LD_RUNPATH_SEARCH_PATHS = (
					"$(inherited)",
					"@executable_path/../Frameworks",
				);
				MACOSX_DEPLOYMENT_TARGET = 10.14;
				MARKETING_VERSION = 0.15.1;
				OTHER_LDFLAGS = (
					"-framework",
					SafariServices,
					"-framework",
					WebKit,
				);
				PRODUCT_BUNDLE_IDENTIFIER = uk.co.maybeitssoftware.intention;
				PRODUCT_NAME = Intention;
				PROVISIONING_PROFILE_SPECIFIER = "match AppStore uk.co.maybeitssoftware.intention macos";
				REGISTER_APP_GROUPS = YES;
				SDKROOT = macosx;
				STRING_CATALOG_GENERATE_SYMBOLS = YES;
				SWIFT_APPROACHABLE_CONCURRENCY = YES;
				SWIFT_DEFAULT_ACTOR_ISOLATION = MainActor;
				SWIFT_EMIT_LOC_STRINGS = YES;
				SWIFT_UPCOMING_FEATURE_MEMBER_IMPORT_VISIBILITY = YES;
				SWIFT_VERSION = 5.0;
			};
			name = Debug;
		};
		66B8D0692FE985EF00BC0D7F /* Release */ = {
			isa = XCBuildConfiguration;
			buildSettings = {
				ASSETCATALOG_COMPILER_APPICON_NAME = AppIcon;
				ASSETCATALOG_COMPILER_GLOBAL_ACCENT_COLOR_NAME = AccentColor;
				CODE_SIGN_IDENTITY = "Apple Distribution";
				CODE_SIGN_STYLE = Manual;
				CURRENT_PROJECT_VERSION = 14;
				DEVELOPMENT_TEAM = 6NQNU5YSC2;
				ENABLE_APP_SANDBOX = YES;
				ENABLE_HARDENED_RUNTIME = YES;
				ENABLE_OUTGOING_NETWORK_CONNECTIONS = YES;
				ENABLE_USER_SELECTED_FILES = readonly;
				GENERATE_INFOPLIST_FILE = YES;
				INFOPLIST_FILE = "macOS (App)/Info.plist";
				INFOPLIST_KEY_CFBundleDisplayName = Intention;
				INFOPLIST_KEY_LSApplicationCategoryType = "public.app-category.productivity";
				INFOPLIST_KEY_NSMainStoryboardFile = Main;
				INFOPLIST_KEY_NSPrincipalClass = NSApplication;
				LD_RUNPATH_SEARCH_PATHS = (
					"$(inherited)",
					"@executable_path/../Frameworks",
				);
				MACOSX_DEPLOYMENT_TARGET = 10.14;
				MARKETING_VERSION = 0.15.1;
				OTHER_LDFLAGS = (
					"-framework",
					SafariServices,
					"-framework",
					WebKit,
				);
				PRODUCT_BUNDLE_IDENTIFIER = uk.co.maybeitssoftware.intention;
				PRODUCT_NAME = Intention;
				PROVISIONING_PROFILE_SPECIFIER = "match AppStore uk.co.maybeitssoftware.intention macos";
				REGISTER_APP_GROUPS = YES;
				SDKROOT = macosx;
				STRING_CATALOG_GENERATE_SYMBOLS = YES;
				SWIFT_APPROACHABLE_CONCURRENCY = YES;
				SWIFT_DEFAULT_ACTOR_ISOLATION = MainActor;
				SWIFT_EMIT_LOC_STRINGS = YES;
				SWIFT_UPCOMING_FEATURE_MEMBER_IMPORT_VISIBILITY = YES;
				SWIFT_VERSION = 5.0;
			};
			name = Release;
		};
		AC10C0DE00000000000000D2 /* Debug */ = {
			isa = XCBuildConfiguration;
			buildSettings = {
				CODE_SIGN_ENTITLEMENTS = "iOS (Monitor Extension)/Monitor Extension.entitlements";
				CODE_SIGN_IDENTITY = "Apple Distribution";
				CODE_SIGN_STYLE = Manual;
				CURRENT_PROJECT_VERSION = 14;
				DEVELOPMENT_TEAM = 6NQNU5YSC2;
				GENERATE_INFOPLIST_FILE = YES;
				INFOPLIST_FILE = "iOS (Monitor Extension)/Info.plist";
				INFOPLIST_KEY_CFBundleDisplayName = "Intention Monitor Extension";
				INFOPLIST_KEY_NSHumanReadableCopyright = "";
				IPHONEOS_DEPLOYMENT_TARGET = 16.0;
				LD_RUNPATH_SEARCH_PATHS = (
					"$(inherited)",
					"@executable_path/Frameworks",
					"@executable_path/../../Frameworks",
				);
				MARKETING_VERSION = 0.15.1;
				PRODUCT_BUNDLE_IDENTIFIER = uk.co.maybeitssoftware.intention.Monitor;
				PRODUCT_NAME = "Intention Monitor Extension";
				PROVISIONING_PROFILE_SPECIFIER = "match AppStore uk.co.maybeitssoftware.intention.Monitor";
				SDKROOT = iphoneos;
				SKIP_INSTALL = YES;
				STRING_CATALOG_GENERATE_SYMBOLS = YES;
				SWIFT_APPROACHABLE_CONCURRENCY = YES;
				SWIFT_EMIT_LOC_STRINGS = YES;
				SWIFT_UPCOMING_FEATURE_MEMBER_IMPORT_VISIBILITY = YES;
				SWIFT_VERSION = 5.0;
				TARGETED_DEVICE_FAMILY = "1,2";
			};
			name = Debug;
		};
		AC10C0DE00000000000000D3 /* Release */ = {
			isa = XCBuildConfiguration;
			buildSettings = {
				CODE_SIGN_ENTITLEMENTS = "iOS (Monitor Extension)/Monitor Extension.entitlements";
				CODE_SIGN_IDENTITY = "Apple Distribution";
				CODE_SIGN_STYLE = Manual;
				CURRENT_PROJECT_VERSION = 14;
				DEVELOPMENT_TEAM = 6NQNU5YSC2;
				GENERATE_INFOPLIST_FILE = YES;
				INFOPLIST_FILE = "iOS (Monitor Extension)/Info.plist";
				INFOPLIST_KEY_CFBundleDisplayName = "Intention Monitor Extension";
				INFOPLIST_KEY_NSHumanReadableCopyright = "";
				IPHONEOS_DEPLOYMENT_TARGET = 16.0;
				LD_RUNPATH_SEARCH_PATHS = (
					"$(inherited)",
					"@executable_path/Frameworks",
					"@executable_path/../../Frameworks",
				);
				MARKETING_VERSION = 0.15.1;
				PRODUCT_BUNDLE_IDENTIFIER = uk.co.maybeitssoftware.intention.Monitor;
				PRODUCT_NAME = "Intention Monitor Extension";
				PROVISIONING_PROFILE_SPECIFIER = "match AppStore uk.co.maybeitssoftware.intention.Monitor";
				SDKROOT = iphoneos;
				SKIP_INSTALL = YES;
				STRING_CATALOG_GENERATE_SYMBOLS = YES;
				SWIFT_APPROACHABLE_CONCURRENCY = YES;
				SWIFT_EMIT_LOC_STRINGS = YES;
				SWIFT_UPCOMING_FEATURE_MEMBER_IMPORT_VISIBILITY = YES;
				SWIFT_VERSION = 5.0;
				TARGETED_DEVICE_FAMILY = "1,2";
				VALIDATE_PRODUCT = YES;
			};
			name = Release;
		};
		AD10C0DE00000000000000D2 /* Debug */ = {
			isa = XCBuildConfiguration;
			buildSettings = {
				CODE_SIGN_ENTITLEMENTS = "iOS (Shield Extension)/Shield Extension.entitlements";
				CODE_SIGN_IDENTITY = "Apple Distribution";
				CODE_SIGN_STYLE = Manual;
				CURRENT_PROJECT_VERSION = 14;
				DEVELOPMENT_TEAM = 6NQNU5YSC2;
				GENERATE_INFOPLIST_FILE = YES;
				INFOPLIST_FILE = "iOS (Shield Extension)/Info.plist";
				INFOPLIST_KEY_CFBundleDisplayName = "Intention Shield Extension";
				INFOPLIST_KEY_NSHumanReadableCopyright = "";
				IPHONEOS_DEPLOYMENT_TARGET = 16.0;
				LD_RUNPATH_SEARCH_PATHS = (
					"$(inherited)",
					"@executable_path/Frameworks",
					"@executable_path/../../Frameworks",
				);
				MARKETING_VERSION = 0.15.1;
				PRODUCT_BUNDLE_IDENTIFIER = uk.co.maybeitssoftware.intention.Shield;
				PRODUCT_NAME = "Intention Shield Extension";
				PROVISIONING_PROFILE_SPECIFIER = "match AppStore uk.co.maybeitssoftware.intention.Shield";
				SDKROOT = iphoneos;
				SKIP_INSTALL = YES;
				STRING_CATALOG_GENERATE_SYMBOLS = YES;
				SWIFT_APPROACHABLE_CONCURRENCY = YES;
				SWIFT_EMIT_LOC_STRINGS = YES;
				SWIFT_UPCOMING_FEATURE_MEMBER_IMPORT_VISIBILITY = YES;
				SWIFT_VERSION = 5.0;
				TARGETED_DEVICE_FAMILY = "1,2";
			};
			name = Debug;
		};
		AD10C0DE00000000000000D3 /* Release */ = {
			isa = XCBuildConfiguration;
			buildSettings = {
				CODE_SIGN_ENTITLEMENTS = "iOS (Shield Extension)/Shield Extension.entitlements";
				CODE_SIGN_IDENTITY = "Apple Distribution";
				CODE_SIGN_STYLE = Manual;
				CURRENT_PROJECT_VERSION = 14;
				DEVELOPMENT_TEAM = 6NQNU5YSC2;
				GENERATE_INFOPLIST_FILE = YES;
				INFOPLIST_FILE = "iOS (Shield Extension)/Info.plist";
				INFOPLIST_KEY_CFBundleDisplayName = "Intention Shield Extension";
				INFOPLIST_KEY_NSHumanReadableCopyright = "";
				IPHONEOS_DEPLOYMENT_TARGET = 16.0;
				LD_RUNPATH_SEARCH_PATHS = (
					"$(inherited)",
					"@executable_path/Frameworks",
					"@executable_path/../../Frameworks",
				);
				MARKETING_VERSION = 0.15.1;
				PRODUCT_BUNDLE_IDENTIFIER = uk.co.maybeitssoftware.intention.Shield;
				PRODUCT_NAME = "Intention Shield Extension";
				PROVISIONING_PROFILE_SPECIFIER = "match AppStore uk.co.maybeitssoftware.intention.Shield";
				SDKROOT = iphoneos;
				SKIP_INSTALL = YES;
				STRING_CATALOG_GENERATE_SYMBOLS = YES;
				SWIFT_APPROACHABLE_CONCURRENCY = YES;
				SWIFT_EMIT_LOC_STRINGS = YES;
				SWIFT_UPCOMING_FEATURE_MEMBER_IMPORT_VISIBILITY = YES;
				SWIFT_VERSION = 5.0;
				TARGETED_DEVICE_FAMILY = "1,2";
				VALIDATE_PRODUCT = YES;
			};
			name = Release;
		};
		AE10C0DE00000000000000D2 /* Debug */ = {
			isa = XCBuildConfiguration;
			buildSettings = {
				CODE_SIGN_ENTITLEMENTS = "iOS (Shield Action Extension)/Shield Action Extension.entitlements";
				CODE_SIGN_IDENTITY = "Apple Distribution";
				CODE_SIGN_STYLE = Manual;
				CURRENT_PROJECT_VERSION = 14;
				DEVELOPMENT_TEAM = 6NQNU5YSC2;
				GENERATE_INFOPLIST_FILE = YES;
				INFOPLIST_FILE = "iOS (Shield Action Extension)/Info.plist";
				INFOPLIST_KEY_CFBundleDisplayName = "Intention Shield Action Extension";
				INFOPLIST_KEY_NSHumanReadableCopyright = "";
				IPHONEOS_DEPLOYMENT_TARGET = 16.0;
				LD_RUNPATH_SEARCH_PATHS = (
					"$(inherited)",
					"@executable_path/Frameworks",
					"@executable_path/../../Frameworks",
				);
				MARKETING_VERSION = 0.15.1;
				PRODUCT_BUNDLE_IDENTIFIER = uk.co.maybeitssoftware.intention.ShieldAction;
				PRODUCT_NAME = "Intention Shield Action Extension";
				PROVISIONING_PROFILE_SPECIFIER = "match AppStore uk.co.maybeitssoftware.intention.ShieldAction";
				SDKROOT = iphoneos;
				SKIP_INSTALL = YES;
				STRING_CATALOG_GENERATE_SYMBOLS = YES;
				SWIFT_APPROACHABLE_CONCURRENCY = YES;
				SWIFT_EMIT_LOC_STRINGS = YES;
				SWIFT_UPCOMING_FEATURE_MEMBER_IMPORT_VISIBILITY = YES;
				SWIFT_VERSION = 5.0;
				TARGETED_DEVICE_FAMILY = "1,2";
			};
			name = Debug;
		};
		AE10C0DE00000000000000D3 /* Release */ = {
			isa = XCBuildConfiguration;
			buildSettings = {
				CODE_SIGN_ENTITLEMENTS = "iOS (Shield Action Extension)/Shield Action Extension.entitlements";
				CODE_SIGN_IDENTITY = "Apple Distribution";
				CODE_SIGN_STYLE = Manual;
				CURRENT_PROJECT_VERSION = 14;
				DEVELOPMENT_TEAM = 6NQNU5YSC2;
				GENERATE_INFOPLIST_FILE = YES;
				INFOPLIST_FILE = "iOS (Shield Action Extension)/Info.plist";
				INFOPLIST_KEY_CFBundleDisplayName = "Intention Shield Action Extension";
				INFOPLIST_KEY_NSHumanReadableCopyright = "";
				IPHONEOS_DEPLOYMENT_TARGET = 16.0;
				LD_RUNPATH_SEARCH_PATHS = (
					"$(inherited)",
					"@executable_path/Frameworks",
					"@executable_path/../../Frameworks",
				);
				MARKETING_VERSION = 0.15.1;
				PRODUCT_BUNDLE_IDENTIFIER = uk.co.maybeitssoftware.intention.ShieldAction;
				PRODUCT_NAME = "Intention Shield Action Extension";
				PROVISIONING_PROFILE_SPECIFIER = "match AppStore uk.co.maybeitssoftware.intention.ShieldAction";
				SDKROOT = iphoneos;
				SKIP_INSTALL = YES;
				STRING_CATALOG_GENERATE_SYMBOLS = YES;
				SWIFT_APPROACHABLE_CONCURRENCY = YES;
				SWIFT_EMIT_LOC_STRINGS = YES;
				SWIFT_UPCOMING_FEATURE_MEMBER_IMPORT_VISIBILITY = YES;
				SWIFT_VERSION = 5.0;
				TARGETED_DEVICE_FAMILY = "1,2";
				VALIDATE_PRODUCT = YES;
			};
			name = Release;
		};
		AF10C0DE00000000000000D2 /* Debug */ = {
			isa = XCBuildConfiguration;
			buildSettings = {
				CODE_SIGN_ENTITLEMENTS = "iOS (Report Extension)/Report Extension.entitlements";
				CODE_SIGN_IDENTITY = "Apple Distribution";
				CODE_SIGN_STYLE = Manual;
				CURRENT_PROJECT_VERSION = 14;
				DEVELOPMENT_TEAM = 6NQNU5YSC2;
				GENERATE_INFOPLIST_FILE = YES;
				INFOPLIST_FILE = "iOS (Report Extension)/Info.plist";
				INFOPLIST_KEY_CFBundleDisplayName = "Intention Report Extension";
				INFOPLIST_KEY_NSHumanReadableCopyright = "";
				IPHONEOS_DEPLOYMENT_TARGET = 16.0;
				LD_RUNPATH_SEARCH_PATHS = (
					"$(inherited)",
					"@executable_path/Frameworks",
					"@executable_path/../../Frameworks",
				);
				MARKETING_VERSION = 0.15.1;
				PRODUCT_BUNDLE_IDENTIFIER = uk.co.maybeitssoftware.intention.Report;
				PRODUCT_NAME = "Intention Report Extension";
				PROVISIONING_PROFILE_SPECIFIER = "match AppStore uk.co.maybeitssoftware.intention.Report";
				SDKROOT = iphoneos;
				SKIP_INSTALL = YES;
				STRING_CATALOG_GENERATE_SYMBOLS = YES;
				SWIFT_APPROACHABLE_CONCURRENCY = YES;
				SWIFT_DEFAULT_ACTOR_ISOLATION = MainActor;
				SWIFT_EMIT_LOC_STRINGS = YES;
				SWIFT_UPCOMING_FEATURE_MEMBER_IMPORT_VISIBILITY = YES;
				SWIFT_VERSION = 5.0;
				TARGETED_DEVICE_FAMILY = "1,2";
			};
			name = Debug;
		};
		AF10C0DE00000000000000D3 /* Release */ = {
			isa = XCBuildConfiguration;
			buildSettings = {
				CODE_SIGN_ENTITLEMENTS = "iOS (Report Extension)/Report Extension.entitlements";
				CODE_SIGN_IDENTITY = "Apple Distribution";
				CODE_SIGN_STYLE = Manual;
				CURRENT_PROJECT_VERSION = 14;
				DEVELOPMENT_TEAM = 6NQNU5YSC2;
				GENERATE_INFOPLIST_FILE = YES;
				INFOPLIST_FILE = "iOS (Report Extension)/Info.plist";
				INFOPLIST_KEY_CFBundleDisplayName = "Intention Report Extension";
				INFOPLIST_KEY_NSHumanReadableCopyright = "";
				IPHONEOS_DEPLOYMENT_TARGET = 16.0;
				LD_RUNPATH_SEARCH_PATHS = (
					"$(inherited)",
					"@executable_path/Frameworks",
					"@executable_path/../../Frameworks",
				);
				MARKETING_VERSION = 0.15.1;
				PRODUCT_BUNDLE_IDENTIFIER = uk.co.maybeitssoftware.intention.Report;
				PRODUCT_NAME = "Intention Report Extension";
				PROVISIONING_PROFILE_SPECIFIER = "match AppStore uk.co.maybeitssoftware.intention.Report";
				SDKROOT = iphoneos;
				SKIP_INSTALL = YES;
				STRING_CATALOG_GENERATE_SYMBOLS = YES;
				SWIFT_APPROACHABLE_CONCURRENCY = YES;
				SWIFT_DEFAULT_ACTOR_ISOLATION = MainActor;
				SWIFT_EMIT_LOC_STRINGS = YES;
				SWIFT_UPCOMING_FEATURE_MEMBER_IMPORT_VISIBILITY = YES;
				SWIFT_VERSION = 5.0;
				TARGETED_DEVICE_FAMILY = "1,2";
				VALIDATE_PRODUCT = YES;
			};
			name = Release;
		};
/* End XCBuildConfiguration section */

/* Begin XCConfigurationList section */
		66B8D00E2FE985ED00BC0D7F /* Build configuration list for PBXProject "Intention Safari" */ = {
			isa = XCConfigurationList;
			buildConfigurations = (
				66B8D05A2FE985EF00BC0D7F /* Debug */,
				66B8D05B2FE985EF00BC0D7F /* Release */,
			);
			defaultConfigurationIsVisible = 0;
			defaultConfigurationName = Release;
		};
		66B8D05C2FE985EF00BC0D7F /* Build configuration list for PBXNativeTarget "Intention Safari Extension (iOS)" */ = {
			isa = XCConfigurationList;
			buildConfigurations = (
				66B8D05D2FE985EF00BC0D7F /* Debug */,
				66B8D05E2FE985EF00BC0D7F /* Release */,
			);
			defaultConfigurationIsVisible = 0;
			defaultConfigurationName = Release;
		};
		66B8D0602FE985EF00BC0D7F /* Build configuration list for PBXNativeTarget "Intention Safari (iOS)" */ = {
			isa = XCConfigurationList;
			buildConfigurations = (
				66B8D0612FE985EF00BC0D7F /* Debug */,
				66B8D0622FE985EF00BC0D7F /* Release */,
			);
			defaultConfigurationIsVisible = 0;
			defaultConfigurationName = Release;
		};
		66B8D0632FE985EF00BC0D7F /* Build configuration list for PBXNativeTarget "Intention Safari Extension (macOS)" */ = {
			isa = XCConfigurationList;
			buildConfigurations = (
				66B8D0642FE985EF00BC0D7F /* Debug */,
				66B8D0652FE985EF00BC0D7F /* Release */,
			);
			defaultConfigurationIsVisible = 0;
			defaultConfigurationName = Release;
		};
		66B8D0672FE985EF00BC0D7F /* Build configuration list for PBXNativeTarget "Intention Safari (macOS)" */ = {
			isa = XCConfigurationList;
			buildConfigurations = (
				66B8D0682FE985EF00BC0D7F /* Debug */,
				66B8D0692FE985EF00BC0D7F /* Release */,
			);
			defaultConfigurationIsVisible = 0;
			defaultConfigurationName = Release;
		};
		AC10C0DE00000000000000D1 /* Build configuration list for PBXNativeTarget "Intention Monitor Extension" */ = {
			isa = XCConfigurationList;
			buildConfigurations = (
				AC10C0DE00000000000000D2 /* Debug */,
				AC10C0DE00000000000000D3 /* Release */,
			);
			defaultConfigurationIsVisible = 0;
			defaultConfigurationName = Release;
		};
		AD10C0DE00000000000000D1 /* Build configuration list for PBXNativeTarget "Intention Shield Extension" */ = {
			isa = XCConfigurationList;
			buildConfigurations = (
				AD10C0DE00000000000000D2 /* Debug */,
				AD10C0DE00000000000000D3 /* Release */,
			);
			defaultConfigurationIsVisible = 0;
			defaultConfigurationName = Release;
		};
		AE10C0DE00000000000000D1 /* Build configuration list for PBXNativeTarget "Intention Shield Action Extension" */ = {
			isa = XCConfigurationList;
			buildConfigurations = (
				AE10C0DE00000000000000D2 /* Debug */,
				AE10C0DE00000000000000D3 /* Release */,
			);
			defaultConfigurationIsVisible = 0;
			defaultConfigurationName = Release;
		};
		AF10C0DE00000000000000D1 /* Build configuration list for PBXNativeTarget "Intention Report Extension" */ = {
			isa = XCConfigurationList;
			buildConfigurations = (
				AF10C0DE00000000000000D2 /* Debug */,
				AF10C0DE00000000000000D3 /* Release */,
			);
			defaultConfigurationIsVisible = 0;
			defaultConfigurationName = Release;
		};
/* End XCConfigurationList section */
	};
	rootObject = 66B8D00B2FE985ED00BC0D7F /* Project object */;
}
